// !$*UTF8*$!
{
	archiveVersion = 1;
	classes = {
	};
	objectVersion = 46;
	objects = {

/* Begin PBXBuildFile section */
		7871AD4F1D18C40D0031AD41 /* main.m in Sources */ = {isa = PBXBuildFile; fileRef = 7871AD4E1D18C40D0031AD41 /* main.m */; };
		7871AD521D18C40D0031AD41 /* AppDelegate.m in Sources */ = {isa = PBXBuildFile; fileRef = 7871AD511D18C40D0031AD41 /* AppDelegate.m */; };
		7871AD551D18C40D0031AD41 /* ViewController.m in Sources */ = {isa = PBXBuildFile; fileRef = 7871AD541D18C40D0031AD41 /* ViewController.m */; };
		7871AD581D18C40D0031AD41 /* Main.storyboard in Resources */ = {isa = PBXBuildFile; fileRef = 7871AD561D18C40D0031AD41 /* Main.storyboard */; };
		7871AD5A1D18C40D0031AD41 /* Assets.xcassets in Resources */ = {isa = PBXBuildFile; fileRef = 7871AD591D18C40D0031AD41 /* Assets.xcassets */; };
		7871AD5D1D18C40D0031AD41 /* LaunchScreen.storyboard in Resources */ = {isa = PBXBuildFile; fileRef = 7871AD5B1D18C40D0031AD41 /* LaunchScreen.storyboard */; };
		7871ADA81D18C41A0031AD41 /* NSArray+XYAdd.m in Sources */ = {isa = PBXBuildFile; fileRef = 7871AD691D18C4190031AD41 /* NSArray+XYAdd.m */; };
		7871ADA91D18C41A0031AD41 /* NSBundle+XYAdd.m in Sources */ = {isa = PBXBuildFile; fileRef = 7871AD6B1D18C4190031AD41 /* NSBundle+XYAdd.m */; };
		7871ADAA1D18C41A0031AD41 /* NSData+XYAdd.m in Sources */ = {isa = PBXBuildFile; fileRef = 7871AD6D1D18C4190031AD41 /* NSData+XYAdd.m */; };
		7871ADAB1D18C41A0031AD41 /* NSDate+XYAdd.m in Sources */ = {isa = PBXBuildFile; fileRef = 7871AD6F1D18C4190031AD41 /* NSDate+XYAdd.m */; };
		7871ADAC1D18C41A0031AD41 /* NSDictionary+XYAdd.m in Sources */ = {isa = PBXBuildFile; fileRef = 7871AD711D18C4190031AD41 /* NSDictionary+XYAdd.m */; };
		7871ADAD1D18C41A0031AD41 /* NSKeyedUnarchiver+XYAdd.m in Sources */ = {isa = PBXBuildFile; fileRef = 7871AD731D18C4190031AD41 /* NSKeyedUnarchiver+XYAdd.m */; };
		7871ADAE1D18C41A0031AD41 /* NSNotificationCenter+XYAdd.m in Sources */ = {isa = PBXBuildFile; fileRef = 7871AD751D18C4190031AD41 /* NSNotificationCenter+XYAdd.m */; };
		7871ADAF1D18C41A0031AD41 /* NSNumber+XYAdd.m in Sources */ = {isa = PBXBuildFile; fileRef = 7871AD771D18C4190031AD41 /* NSNumber+XYAdd.m */; };
		7871ADB01D18C41A0031AD41 /* NSObject+XYAdd.m in Sources */ = {isa = PBXBuildFile; fileRef = 7871AD791D18C4190031AD41 /* NSObject+XYAdd.m */; };
		7871ADB11D18C41A0031AD41 /* NSObject+XYAddForKVO.m in Sources */ = {isa = PBXBuildFile; fileRef = 7871AD7B1D18C4190031AD41 /* NSObject+XYAddForKVO.m */; };
		7871ADB21D18C41A0031AD41 /* NSString+XYAdd.m in Sources */ = {isa = PBXBuildFile; fileRef = 7871AD7D1D18C4190031AD41 /* NSString+XYAdd.m */; };
		7871ADB31D18C41A0031AD41 /* NSThread+XYAdd.m in Sources */ = {isa = PBXBuildFile; fileRef = 7871AD7F1D18C4190031AD41 /* NSThread+XYAdd.m */; };
		7871ADB41D18C41A0031AD41 /* NSTimer+XYAdd.m in Sources */ = {isa = PBXBuildFile; fileRef = 7871AD811D18C4190031AD41 /* NSTimer+XYAdd.m */; };
		7871ADB51D18C41A0031AD41 /* CALayer+XYAdd.m in Sources */ = {isa = PBXBuildFile; fileRef = 7871AD841D18C4190031AD41 /* CALayer+XYAdd.m */; };
		7871ADB61D18C41A0031AD41 /* YYCGUtilities.m in Sources */ = {isa = PBXBuildFile; fileRef = 7871AD861D18C4190031AD41 /* YYCGUtilities.m */; };
		7871ADB71D18C41A0031AD41 /* UIApplication+XYAdd.m in Sources */ = {isa = PBXBuildFile; fileRef = 7871AD891D18C4190031AD41 /* UIApplication+XYAdd.m */; };
		7871ADB81D18C41A0031AD41 /* UIBarButtonItem+XYAdd.m in Sources */ = {isa = PBXBuildFile; fileRef = 7871AD8B1D18C4190031AD41 /* UIBarButtonItem+XYAdd.m */; };
		7871ADB91D18C41A0031AD41 /* UIBezierPath+XYAdd.m in Sources */ = {isa = PBXBuildFile; fileRef = 7871AD8D1D18C4190031AD41 /* UIBezierPath+XYAdd.m */; };
		7871ADBA1D18C41A0031AD41 /* UIColor+XYAdd.m in Sources */ = {isa = PBXBuildFile; fileRef = 7871AD8F1D18C4190031AD41 /* UIColor+XYAdd.m */; };
		7871ADBB1D18C41A0031AD41 /* UIControl+XYAdd.m in Sources */ = {isa = PBXBuildFile; fileRef = 7871AD911D18C4190031AD41 /* UIControl+XYAdd.m */; };
		7871ADBC1D18C41A0031AD41 /* UIDevice+XYAdd.m in Sources */ = {isa = PBXBuildFile; fileRef = 7871AD931D18C41A0031AD41 /* UIDevice+XYAdd.m */; };
		7871ADBD1D18C41A0031AD41 /* UIFont+XYAdd.m in Sources */ = {isa = PBXBuildFile; fileRef = 7871AD951D18C41A0031AD41 /* UIFont+XYAdd.m */; };
		7871ADBE1D18C41A0031AD41 /* UIGestureRecognizer+XYAdd.m in Sources */ = {isa = PBXBuildFile; fileRef = 7871AD971D18C41A0031AD41 /* UIGestureRecognizer+XYAdd.m */; };
		7871ADBF1D18C41A0031AD41 /* UIImage+XYAdd.m in Sources */ = {isa = PBXBuildFile; fileRef = 7871AD991D18C41A0031AD41 /* UIImage+XYAdd.m */; };
		7871ADC01D18C41A0031AD41 /* UIScreen+XYAdd.m in Sources */ = {isa = PBXBuildFile; fileRef = 7871AD9B1D18C41A0031AD41 /* UIScreen+XYAdd.m */; };
		7871ADC11D18C41A0031AD41 /* UIScrollView+XYAdd.m in Sources */ = {isa = PBXBuildFile; fileRef = 7871AD9D1D18C41A0031AD41 /* UIScrollView+XYAdd.m */; };
		7871ADC21D18C41A0031AD41 /* UITableView+XYAdd.m in Sources */ = {isa = PBXBuildFile; fileRef = 7871AD9F1D18C41A0031AD41 /* UITableView+XYAdd.m */; };
		7871ADC31D18C41A0031AD41 /* UITextField+XYAdd.m in Sources */ = {isa = PBXBuildFile; fileRef = 7871ADA11D18C41A0031AD41 /* UITextField+XYAdd.m */; };
		7871ADC41D18C41A0031AD41 /* UIView+XYAdd.m in Sources */ = {isa = PBXBuildFile; fileRef = 7871ADA31D18C41A0031AD41 /* UIView+XYAdd.m */; };
		7871ADC91D18C5CA0031AD41 /* YYKeyboardManager.m in Sources */ = {isa = PBXBuildFile; fileRef = 7871ADC81D18C5CA0031AD41 /* YYKeyboardManager.m */; };
		7871ADCD1D18C5E20031AD41 /* YYDispatchQueuePool.m in Sources */ = {isa = PBXBuildFile; fileRef = 7871ADCC1D18C5E20031AD41 /* YYDispatchQueuePool.m */; };
		7871ADD51D18C5EE0031AD41 /* YYAsyncLayer.m in Sources */ = {isa = PBXBuildFile; fileRef = 7871ADD01D18C5EE0031AD41 /* YYAsyncLayer.m */; };
		7871ADD61D18C5EE0031AD41 /* YYSentinel.m in Sources */ = {isa = PBXBuildFile; fileRef = 7871ADD21D18C5EE0031AD41 /* YYSentinel.m */; };
		7871ADD71D18C5EE0031AD41 /* YYTransaction.m in Sources */ = {isa = PBXBuildFile; fileRef = 7871ADD41D18C5EE0031AD41 /* YYTransaction.m */; };
		7871AE1A1D18C6040031AD41 /* NSArray+YYAdd.m in Sources */ = {isa = PBXBuildFile; fileRef = 7871ADDB1D18C6040031AD41 /* NSArray+YYAdd.m */; };
		7871AE1B1D18C6040031AD41 /* NSBundle+YYAdd.m in Sources */ = {isa = PBXBuildFile; fileRef = 7871ADDD1D18C6040031AD41 /* NSBundle+YYAdd.m */; };
		7871AE1C1D18C6040031AD41 /* NSData+YYAdd.m in Sources */ = {isa = PBXBuildFile; fileRef = 7871ADDF1D18C6040031AD41 /* NSData+YYAdd.m */; };
		7871AE1D1D18C6040031AD41 /* NSDate+YYAdd.m in Sources */ = {isa = PBXBuildFile; fileRef = 7871ADE11D18C6040031AD41 /* NSDate+YYAdd.m */; };
		7871AE1E1D18C6040031AD41 /* NSDictionary+YYAdd.m in Sources */ = {isa = PBXBuildFile; fileRef = 7871ADE31D18C6040031AD41 /* NSDictionary+YYAdd.m */; };
		7871AE1F1D18C6040031AD41 /* NSKeyedUnarchiver+YYAdd.m in Sources */ = {isa = PBXBuildFile; fileRef = 7871ADE51D18C6040031AD41 /* NSKeyedUnarchiver+YYAdd.m */; };
		7871AE201D18C6040031AD41 /* NSNotificationCenter+YYAdd.m in Sources */ = {isa = PBXBuildFile; fileRef = 7871ADE71D18C6040031AD41 /* NSNotificationCenter+YYAdd.m */; };
		7871AE211D18C6040031AD41 /* NSNumber+YYAdd.m in Sources */ = {isa = PBXBuildFile; fileRef = 7871ADE91D18C6040031AD41 /* NSNumber+YYAdd.m */; };
		7871AE221D18C6040031AD41 /* NSObject+YYAdd.m in Sources */ = {isa = PBXBuildFile; fileRef = 7871ADEB1D18C6040031AD41 /* NSObject+YYAdd.m */; };
		7871AE231D18C6040031AD41 /* NSObject+YYAddForARC.m in Sources */ = {isa = PBXBuildFile; fileRef = 7871ADED1D18C6040031AD41 /* NSObject+YYAddForARC.m */; settings = {COMPILER_FLAGS = "-fno-objc-arc"; }; };
		7871AE241D18C6040031AD41 /* NSObject+YYAddForKVO.m in Sources */ = {isa = PBXBuildFile; fileRef = 7871ADEF1D18C6040031AD41 /* NSObject+YYAddForKVO.m */; };
		7871AE251D18C6040031AD41 /* NSString+YYAdd.m in Sources */ = {isa = PBXBuildFile; fileRef = 7871ADF11D18C6040031AD41 /* NSString+YYAdd.m */; };
		7871AE261D18C6040031AD41 /* NSThread+YYAdd.m in Sources */ = {isa = PBXBuildFile; fileRef = 7871ADF31D18C6040031AD41 /* NSThread+YYAdd.m */; settings = {COMPILER_FLAGS = "-fno-objc-arc"; }; };
		7871AE271D18C6040031AD41 /* NSTimer+YYAdd.m in Sources */ = {isa = PBXBuildFile; fileRef = 7871ADF51D18C6040031AD41 /* NSTimer+YYAdd.m */; };
		7871AE281D18C6040031AD41 /* CALayer+YYAdd.m in Sources */ = {isa = PBXBuildFile; fileRef = 7871ADF81D18C6040031AD41 /* CALayer+YYAdd.m */; };
		7871AE291D18C6040031AD41 /* YYCGUtilities.m in Sources */ = {isa = PBXBuildFile; fileRef = 7871ADFA1D18C6040031AD41 /* YYCGUtilities.m */; };
		7871AE2A1D18C6040031AD41 /* UIApplication+YYAdd.m in Sources */ = {isa = PBXBuildFile; fileRef = 7871ADFD1D18C6040031AD41 /* UIApplication+YYAdd.m */; };
		7871AE2B1D18C6040031AD41 /* UIBarButtonItem+YYAdd.m in Sources */ = {isa = PBXBuildFile; fileRef = 7871ADFF1D18C6040031AD41 /* UIBarButtonItem+YYAdd.m */; };
		7871AE2C1D18C6040031AD41 /* UIBezierPath+YYAdd.m in Sources */ = {isa = PBXBuildFile; fileRef = 7871AE011D18C6040031AD41 /* UIBezierPath+YYAdd.m */; };
		7871AE2D1D18C6040031AD41 /* UIColor+YYAdd.m in Sources */ = {isa = PBXBuildFile; fileRef = 7871AE031D18C6040031AD41 /* UIColor+YYAdd.m */; };
		7871AE2E1D18C6040031AD41 /* UIControl+YYAdd.m in Sources */ = {isa = PBXBuildFile; fileRef = 7871AE051D18C6040031AD41 /* UIControl+YYAdd.m */; };
		7871AE2F1D18C6040031AD41 /* UIDevice+YYAdd.m in Sources */ = {isa = PBXBuildFile; fileRef = 7871AE071D18C6040031AD41 /* UIDevice+YYAdd.m */; };
		7871AE301D18C6040031AD41 /* UIFont+YYAdd.m in Sources */ = {isa = PBXBuildFile; fileRef = 7871AE091D18C6040031AD41 /* UIFont+YYAdd.m */; };
		7871AE311D18C6040031AD41 /* UIGestureRecognizer+YYAdd.m in Sources */ = {isa = PBXBuildFile; fileRef = 7871AE0B1D18C6040031AD41 /* UIGestureRecognizer+YYAdd.m */; };
		7871AE321D18C6040031AD41 /* UIImage+YYAdd.m in Sources */ = {isa = PBXBuildFile; fileRef = 7871AE0D1D18C6040031AD41 /* UIImage+YYAdd.m */; };
		7871AE331D18C6040031AD41 /* UIScreen+YYAdd.m in Sources */ = {isa = PBXBuildFile; fileRef = 7871AE0F1D18C6040031AD41 /* UIScreen+YYAdd.m */; };
		7871AE341D18C6040031AD41 /* UIScrollView+YYAdd.m in Sources */ = {isa = PBXBuildFile; fileRef = 7871AE111D18C6040031AD41 /* UIScrollView+YYAdd.m */; };
		7871AE351D18C6040031AD41 /* UITableView+YYAdd.m in Sources */ = {isa = PBXBuildFile; fileRef = 7871AE131D18C6040031AD41 /* UITableView+YYAdd.m */; };
		7871AE361D18C6040031AD41 /* UITextField+YYAdd.m in Sources */ = {isa = PBXBuildFile; fileRef = 7871AE151D18C6040031AD41 /* UITextField+YYAdd.m */; };
		7871AE371D18C6040031AD41 /* UIView+YYAdd.m in Sources */ = {isa = PBXBuildFile; fileRef = 7871AE171D18C6040031AD41 /* UIView+YYAdd.m */; };
		7871AE3B1D18C75F0031AD41 /* UIKit.framework in Frameworks */ = {isa = PBXBuildFile; fileRef = 7871AE3A1D18C75F0031AD41 /* UIKit.framework */; };
		7871AE3D1D18C76A0031AD41 /* CoreGraphics.framework in Frameworks */ = {isa = PBXBuildFile; fileRef = 7871AE3C1D18C76A0031AD41 /* CoreGraphics.framework */; };
		7871AE3F1D18C7710031AD41 /* QuartzCore.framework in Frameworks */ = {isa = PBXBuildFile; fileRef = 7871AE3E1D18C7710031AD41 /* QuartzCore.framework */; };
		7871AE411D18C7790031AD41 /* Accelerate.framework in Frameworks */ = {isa = PBXBuildFile; fileRef = 7871AE401D18C7790031AD41 /* Accelerate.framework */; };
		7871AE431D18C7810031AD41 /* ImageIO.framework in Frameworks */ = {isa = PBXBuildFile; fileRef = 7871AE421D18C7810031AD41 /* ImageIO.framework */; };
		7871AE451D18C7890031AD41 /* CoreText.framework in Frameworks */ = {isa = PBXBuildFile; fileRef = 7871AE441D18C7890031AD41 /* CoreText.framework */; };
		7871AE471D18C7910031AD41 /* CoreFoundation.framework in Frameworks */ = {isa = PBXBuildFile; fileRef = 7871AE461D18C7910031AD41 /* CoreFoundation.framework */; };
		7871AE491D18C79E0031AD41 /* libz.tbd in Frameworks */ = {isa = PBXBuildFile; fileRef = 7871AE481D18C79E0031AD41 /* libz.tbd */; };
		7871AE4C1D18C8420031AD41 /* MBProgressHUD.m in Sources */ = {isa = PBXBuildFile; fileRef = 7871AE4B1D18C8420031AD41 /* MBProgressHUD.m */; };
		7871AE5C1D18C9D70031AD41 /* AFHTTPSessionManager.m in Sources */ = {isa = PBXBuildFile; fileRef = 7871AE501D18C9D70031AD41 /* AFHTTPSessionManager.m */; };
		7871AE5D1D18C9D70031AD41 /* AFNetworkReachabilityManager.m in Sources */ = {isa = PBXBuildFile; fileRef = 7871AE531D18C9D70031AD41 /* AFNetworkReachabilityManager.m */; };
		7871AE5E1D18C9D70031AD41 /* AFSecurityPolicy.m in Sources */ = {isa = PBXBuildFile; fileRef = 7871AE551D18C9D70031AD41 /* AFSecurityPolicy.m */; };
		7871AE5F1D18C9D70031AD41 /* AFURLRequestSerialization.m in Sources */ = {isa = PBXBuildFile; fileRef = 7871AE571D18C9D70031AD41 /* AFURLRequestSerialization.m */; };
		7871AE601D18C9D70031AD41 /* AFURLResponseSerialization.m in Sources */ = {isa = PBXBuildFile; fileRef = 7871AE591D18C9D70031AD41 /* AFURLResponseSerialization.m */; };
		7871AE611D18C9D70031AD41 /* AFURLSessionManager.m in Sources */ = {isa = PBXBuildFile; fileRef = 7871AE5B1D18C9D70031AD41 /* AFURLSessionManager.m */; };
		7871AE841D18CA360031AD41 /* MKAnnotationView+WebCache.m in Sources */ = {isa = PBXBuildFile; fileRef = 7871AE641D18CA360031AD41 /* MKAnnotationView+WebCache.m */; };
		7871AE851D18CA360031AD41 /* NSData+ImageContentType.m in Sources */ = {isa = PBXBuildFile; fileRef = 7871AE661D18CA360031AD41 /* NSData+ImageContentType.m */; };
		7871AE861D18CA360031AD41 /* SDImageCache.m in Sources */ = {isa = PBXBuildFile; fileRef = 7871AE681D18CA360031AD41 /* SDImageCache.m */; };
		7871AE871D18CA360031AD41 /* SDWebImageCompat.m in Sources */ = {isa = PBXBuildFile; fileRef = 7871AE6A1D18CA360031AD41 /* SDWebImageCompat.m */; };
		7871AE881D18CA360031AD41 /* SDWebImageDecoder.m in Sources */ = {isa = PBXBuildFile; fileRef = 7871AE6C1D18CA360031AD41 /* SDWebImageDecoder.m */; };
		7871AE891D18CA360031AD41 /* SDWebImageDownloader.m in Sources */ = {isa = PBXBuildFile; fileRef = 7871AE6E1D18CA360031AD41 /* SDWebImageDownloader.m */; };
		7871AE8A1D18CA360031AD41 /* SDWebImageDownloaderOperation.m in Sources */ = {isa = PBXBuildFile; fileRef = 7871AE701D18CA360031AD41 /* SDWebImageDownloaderOperation.m */; };
		7871AE8B1D18CA360031AD41 /* SDWebImageManager.m in Sources */ = {isa = PBXBuildFile; fileRef = 7871AE721D18CA360031AD41 /* SDWebImageManager.m */; };
		7871AE8C1D18CA360031AD41 /* SDWebImagePrefetcher.m in Sources */ = {isa = PBXBuildFile; fileRef = 7871AE751D18CA360031AD41 /* SDWebImagePrefetcher.m */; };
		7871AE8D1D18CA360031AD41 /* UIButton+WebCache.m in Sources */ = {isa = PBXBuildFile; fileRef = 7871AE771D18CA360031AD41 /* UIButton+WebCache.m */; };
		7871AE8E1D18CA360031AD41 /* UIImage+GIF.m in Sources */ = {isa = PBXBuildFile; fileRef = 7871AE791D18CA360031AD41 /* UIImage+GIF.m */; };
		7871AE8F1D18CA360031AD41 /* UIImage+MultiFormat.m in Sources */ = {isa = PBXBuildFile; fileRef = 7871AE7B1D18CA360031AD41 /* UIImage+MultiFormat.m */; };
		7871AE901D18CA360031AD41 /* UIImage+WebP.m in Sources */ = {isa = PBXBuildFile; fileRef = 7871AE7D1D18CA360031AD41 /* UIImage+WebP.m */; };
		7871AE911D18CA360031AD41 /* UIImageView+HighlightedWebCache.m in Sources */ = {isa = PBXBuildFile; fileRef = 7871AE7F1D18CA360031AD41 /* UIImageView+HighlightedWebCache.m */; };
		7871AE921D18CA360031AD41 /* UIImageView+WebCache.m in Sources */ = {isa = PBXBuildFile; fileRef = 7871AE811D18CA360031AD41 /* UIImageView+WebCache.m */; };
		7871AE931D18CA360031AD41 /* UIView+WebCacheOperation.m in Sources */ = {isa = PBXBuildFile; fileRef = 7871AE831D18CA360031AD41 /* UIView+WebCacheOperation.m */; };
		952EEC351D197CCB00248BE5 /* XYKeyboardManager.m in Sources */ = {isa = PBXBuildFile; fileRef = 952EEC341D197CCB00248BE5 /* XYKeyboardManager.m */; };
		952EEC381D1AD09B00248BE5 /* XYDispatchQueuePool.m in Sources */ = {isa = PBXBuildFile; fileRef = 952EEC371D1AD09B00248BE5 /* XYDispatchQueuePool.m */; };
/* End PBXBuildFile section */

/* Begin PBXFileReference section */
		7871AD4A1D18C40D0031AD41 /* XYZZZZ.app */ = {isa = PBXFileReference; explicitFileType = wrapper.application; includeInIndex = 0; path = XYZZZZ.app; sourceTree = BUILT_PRODUCTS_DIR; };
		7871AD4E1D18C40D0031AD41 /* main.m */ = {isa = PBXFileReference; lastKnownFileType = sourcecode.c.objc; path = main.m; sourceTree = "<group>"; };
		7871AD501D18C40D0031AD41 /* AppDelegate.h */ = {isa = PBXFileReference; lastKnownFileType = sourcecode.c.h; path = AppDelegate.h; sourceTree = "<group>"; };
		7871AD511D18C40D0031AD41 /* AppDelegate.m */ = {isa = PBXFileReference; lastKnownFileType = sourcecode.c.objc; path = AppDelegate.m; sourceTree = "<group>"; };
		7871AD531D18C40D0031AD41 /* ViewController.h */ = {isa = PBXFileReference; lastKnownFileType = sourcecode.c.h; path = ViewController.h; sourceTree = "<group>"; };
		7871AD541D18C40D0031AD41 /* ViewController.m */ = {isa = PBXFileReference; lastKnownFileType = sourcecode.c.objc; path = ViewController.m; sourceTree = "<group>"; };
		7871AD571D18C40D0031AD41 /* Base */ = {isa = PBXFileReference; lastKnownFileType = file.storyboard; name = Base; path = Base.lproj/Main.storyboard; sourceTree = "<group>"; };
		7871AD591D18C40D0031AD41 /* Assets.xcassets */ = {isa = PBXFileReference; lastKnownFileType = folder.assetcatalog; path = Assets.xcassets; sourceTree = "<group>"; };
		7871AD5C1D18C40D0031AD41 /* Base */ = {isa = PBXFileReference; lastKnownFileType = file.storyboard; name = Base; path = Base.lproj/LaunchScreen.storyboard; sourceTree = "<group>"; };
		7871AD5E1D18C40D0031AD41 /* Info.plist */ = {isa = PBXFileReference; lastKnownFileType = text.plist.xml; path = Info.plist; sourceTree = "<group>"; };
		7871AD681D18C4190031AD41 /* NSArray+XYAdd.h */ = {isa = PBXFileReference; fileEncoding = 4; lastKnownFileType = sourcecode.c.h; path = "NSArray+XYAdd.h"; sourceTree = "<group>"; };
		7871AD691D18C4190031AD41 /* NSArray+XYAdd.m */ = {isa = PBXFileReference; fileEncoding = 4; lastKnownFileType = sourcecode.c.objc; path = "NSArray+XYAdd.m"; sourceTree = "<group>"; };
		7871AD6A1D18C4190031AD41 /* NSBundle+XYAdd.h */ = {isa = PBXFileReference; fileEncoding = 4; lastKnownFileType = sourcecode.c.h; path = "NSBundle+XYAdd.h"; sourceTree = "<group>"; };
		7871AD6B1D18C4190031AD41 /* NSBundle+XYAdd.m */ = {isa = PBXFileReference; fileEncoding = 4; lastKnownFileType = sourcecode.c.objc; path = "NSBundle+XYAdd.m"; sourceTree = "<group>"; };
		7871AD6C1D18C4190031AD41 /* NSData+XYAdd.h */ = {isa = PBXFileReference; fileEncoding = 4; lastKnownFileType = sourcecode.c.h; path = "NSData+XYAdd.h"; sourceTree = "<group>"; };
		7871AD6D1D18C4190031AD41 /* NSData+XYAdd.m */ = {isa = PBXFileReference; fileEncoding = 4; lastKnownFileType = sourcecode.c.objc; path = "NSData+XYAdd.m"; sourceTree = "<group>"; };
		7871AD6E1D18C4190031AD41 /* NSDate+XYAdd.h */ = {isa = PBXFileReference; fileEncoding = 4; lastKnownFileType = sourcecode.c.h; path = "NSDate+XYAdd.h"; sourceTree = "<group>"; };
		7871AD6F1D18C4190031AD41 /* NSDate+XYAdd.m */ = {isa = PBXFileReference; fileEncoding = 4; lastKnownFileType = sourcecode.c.objc; path = "NSDate+XYAdd.m"; sourceTree = "<group>"; };
		7871AD701D18C4190031AD41 /* NSDictionary+XYAdd.h */ = {isa = PBXFileReference; fileEncoding = 4; lastKnownFileType = sourcecode.c.h; path = "NSDictionary+XYAdd.h"; sourceTree = "<group>"; };
		7871AD711D18C4190031AD41 /* NSDictionary+XYAdd.m */ = {isa = PBXFileReference; fileEncoding = 4; lastKnownFileType = sourcecode.c.objc; path = "NSDictionary+XYAdd.m"; sourceTree = "<group>"; };
		7871AD721D18C4190031AD41 /* NSKeyedUnarchiver+XYAdd.h */ = {isa = PBXFileReference; fileEncoding = 4; lastKnownFileType = sourcecode.c.h; path = "NSKeyedUnarchiver+XYAdd.h"; sourceTree = "<group>"; };
		7871AD731D18C4190031AD41 /* NSKeyedUnarchiver+XYAdd.m */ = {isa = PBXFileReference; fileEncoding = 4; lastKnownFileType = sourcecode.c.objc; path = "NSKeyedUnarchiver+XYAdd.m"; sourceTree = "<group>"; };
		7871AD741D18C4190031AD41 /* NSNotificationCenter+XYAdd.h */ = {isa = PBXFileReference; fileEncoding = 4; lastKnownFileType = sourcecode.c.h; path = "NSNotificationCenter+XYAdd.h"; sourceTree = "<group>"; };
		7871AD751D18C4190031AD41 /* NSNotificationCenter+XYAdd.m */ = {isa = PBXFileReference; fileEncoding = 4; lastKnownFileType = sourcecode.c.objc; path = "NSNotificationCenter+XYAdd.m"; sourceTree = "<group>"; };
		7871AD761D18C4190031AD41 /* NSNumber+XYAdd.h */ = {isa = PBXFileReference; fileEncoding = 4; lastKnownFileType = sourcecode.c.h; path = "NSNumber+XYAdd.h"; sourceTree = "<group>"; };
		7871AD771D18C4190031AD41 /* NSNumber+XYAdd.m */ = {isa = PBXFileReference; fileEncoding = 4; lastKnownFileType = sourcecode.c.objc; path = "NSNumber+XYAdd.m"; sourceTree = "<group>"; };
		7871AD781D18C4190031AD41 /* NSObject+XYAdd.h */ = {isa = PBXFileReference; fileEncoding = 4; lastKnownFileType = sourcecode.c.h; path = "NSObject+XYAdd.h"; sourceTree = "<group>"; };
		7871AD791D18C4190031AD41 /* NSObject+XYAdd.m */ = {isa = PBXFileReference; fileEncoding = 4; lastKnownFileType = sourcecode.c.objc; path = "NSObject+XYAdd.m"; sourceTree = "<group>"; };
		7871AD7A1D18C4190031AD41 /* NSObject+XYAddForKVO.h */ = {isa = PBXFileReference; fileEncoding = 4; lastKnownFileType = sourcecode.c.h; path = "NSObject+XYAddForKVO.h"; sourceTree = "<group>"; };
		7871AD7B1D18C4190031AD41 /* NSObject+XYAddForKVO.m */ = {isa = PBXFileReference; fileEncoding = 4; lastKnownFileType = sourcecode.c.objc; path = "NSObject+XYAddForKVO.m"; sourceTree = "<group>"; };
		7871AD7C1D18C4190031AD41 /* NSString+XYAdd.h */ = {isa = PBXFileReference; fileEncoding = 4; lastKnownFileType = sourcecode.c.h; path = "NSString+XYAdd.h"; sourceTree = "<group>"; };
		7871AD7D1D18C4190031AD41 /* NSString+XYAdd.m */ = {isa = PBXFileReference; fileEncoding = 4; lastKnownFileType = sourcecode.c.objc; path = "NSString+XYAdd.m"; sourceTree = "<group>"; };
		7871AD7E1D18C4190031AD41 /* NSThread+XYAdd.h */ = {isa = PBXFileReference; fileEncoding = 4; lastKnownFileType = sourcecode.c.h; path = "NSThread+XYAdd.h"; sourceTree = "<group>"; };
		7871AD7F1D18C4190031AD41 /* NSThread+XYAdd.m */ = {isa = PBXFileReference; fileEncoding = 4; lastKnownFileType = sourcecode.c.objc; path = "NSThread+XYAdd.m"; sourceTree = "<group>"; };
		7871AD801D18C4190031AD41 /* NSTimer+XYAdd.h */ = {isa = PBXFileReference; fileEncoding = 4; lastKnownFileType = sourcecode.c.h; path = "NSTimer+XYAdd.h"; sourceTree = "<group>"; };
		7871AD811D18C4190031AD41 /* NSTimer+XYAdd.m */ = {isa = PBXFileReference; fileEncoding = 4; lastKnownFileType = sourcecode.c.objc; path = "NSTimer+XYAdd.m"; sourceTree = "<group>"; };
		7871AD831D18C4190031AD41 /* CALayer+XYAdd.h */ = {isa = PBXFileReference; fileEncoding = 4; lastKnownFileType = sourcecode.c.h; path = "CALayer+XYAdd.h"; sourceTree = "<group>"; };
		7871AD841D18C4190031AD41 /* CALayer+XYAdd.m */ = {isa = PBXFileReference; fileEncoding = 4; lastKnownFileType = sourcecode.c.objc; path = "CALayer+XYAdd.m"; sourceTree = "<group>"; };
		7871AD851D18C4190031AD41 /* YYCGUtilities.h */ = {isa = PBXFileReference; fileEncoding = 4; lastKnownFileType = sourcecode.c.h; path = YYCGUtilities.h; sourceTree = "<group>"; };
		7871AD861D18C4190031AD41 /* YYCGUtilities.m */ = {isa = PBXFileReference; fileEncoding = 4; lastKnownFileType = sourcecode.c.objc; path = YYCGUtilities.m; sourceTree = "<group>"; };
		7871AD881D18C4190031AD41 /* UIApplication+XYAdd.h */ = {isa = PBXFileReference; fileEncoding = 4; lastKnownFileType = sourcecode.c.h; path = "UIApplication+XYAdd.h"; sourceTree = "<group>"; };
		7871AD891D18C4190031AD41 /* UIApplication+XYAdd.m */ = {isa = PBXFileReference; fileEncoding = 4; lastKnownFileType = sourcecode.c.objc; path = "UIApplication+XYAdd.m"; sourceTree = "<group>"; };
		7871AD8A1D18C4190031AD41 /* UIBarButtonItem+XYAdd.h */ = {isa = PBXFileReference; fileEncoding = 4; lastKnownFileType = sourcecode.c.h; path = "UIBarButtonItem+XYAdd.h"; sourceTree = "<group>"; };
		7871AD8B1D18C4190031AD41 /* UIBarButtonItem+XYAdd.m */ = {isa = PBXFileReference; fileEncoding = 4; lastKnownFileType = sourcecode.c.objc; path = "UIBarButtonItem+XYAdd.m"; sourceTree = "<group>"; };
		7871AD8C1D18C4190031AD41 /* UIBezierPath+XYAdd.h */ = {isa = PBXFileReference; fileEncoding = 4; lastKnownFileType = sourcecode.c.h; path = "UIBezierPath+XYAdd.h"; sourceTree = "<group>"; };
		7871AD8D1D18C4190031AD41 /* UIBezierPath+XYAdd.m */ = {isa = PBXFileReference; fileEncoding = 4; lastKnownFileType = sourcecode.c.objc; path = "UIBezierPath+XYAdd.m"; sourceTree = "<group>"; };
		7871AD8E1D18C4190031AD41 /* UIColor+XYAdd.h */ = {isa = PBXFileReference; fileEncoding = 4; lastKnownFileType = sourcecode.c.h; path = "UIColor+XYAdd.h"; sourceTree = "<group>"; };
		7871AD8F1D18C4190031AD41 /* UIColor+XYAdd.m */ = {isa = PBXFileReference; fileEncoding = 4; lastKnownFileType = sourcecode.c.objc; path = "UIColor+XYAdd.m"; sourceTree = "<group>"; };
		7871AD901D18C4190031AD41 /* UIControl+XYAdd.h */ = {isa = PBXFileReference; fileEncoding = 4; lastKnownFileType = sourcecode.c.h; path = "UIControl+XYAdd.h"; sourceTree = "<group>"; };
		7871AD911D18C4190031AD41 /* UIControl+XYAdd.m */ = {isa = PBXFileReference; fileEncoding = 4; lastKnownFileType = sourcecode.c.objc; path = "UIControl+XYAdd.m"; sourceTree = "<group>"; };
		7871AD921D18C41A0031AD41 /* UIDevice+XYAdd.h */ = {isa = PBXFileReference; fileEncoding = 4; lastKnownFileType = sourcecode.c.h; path = "UIDevice+XYAdd.h"; sourceTree = "<group>"; };
		7871AD931D18C41A0031AD41 /* UIDevice+XYAdd.m */ = {isa = PBXFileReference; fileEncoding = 4; lastKnownFileType = sourcecode.c.objc; path = "UIDevice+XYAdd.m"; sourceTree = "<group>"; };
		7871AD941D18C41A0031AD41 /* UIFont+XYAdd.h */ = {isa = PBXFileReference; fileEncoding = 4; lastKnownFileType = sourcecode.c.h; path = "UIFont+XYAdd.h"; sourceTree = "<group>"; };
		7871AD951D18C41A0031AD41 /* UIFont+XYAdd.m */ = {isa = PBXFileReference; fileEncoding = 4; lastKnownFileType = sourcecode.c.objc; path = "UIFont+XYAdd.m"; sourceTree = "<group>"; };
		7871AD961D18C41A0031AD41 /* UIGestureRecognizer+XYAdd.h */ = {isa = PBXFileReference; fileEncoding = 4; lastKnownFileType = sourcecode.c.h; path = "UIGestureRecognizer+XYAdd.h"; sourceTree = "<group>"; };
		7871AD971D18C41A0031AD41 /* UIGestureRecognizer+XYAdd.m */ = {isa = PBXFileReference; fileEncoding = 4; lastKnownFileType = sourcecode.c.objc; path = "UIGestureRecognizer+XYAdd.m"; sourceTree = "<group>"; };
		7871AD981D18C41A0031AD41 /* UIImage+XYAdd.h */ = {isa = PBXFileReference; fileEncoding = 4; lastKnownFileType = sourcecode.c.h; path = "UIImage+XYAdd.h"; sourceTree = "<group>"; };
		7871AD991D18C41A0031AD41 /* UIImage+XYAdd.m */ = {isa = PBXFileReference; fileEncoding = 4; lastKnownFileType = sourcecode.c.objc; path = "UIImage+XYAdd.m"; sourceTree = "<group>"; };
		7871AD9A1D18C41A0031AD41 /* UIScreen+XYAdd.h */ = {isa = PBXFileReference; fileEncoding = 4; lastKnownFileType = sourcecode.c.h; path = "UIScreen+XYAdd.h"; sourceTree = "<group>"; };
		7871AD9B1D18C41A0031AD41 /* UIScreen+XYAdd.m */ = {isa = PBXFileReference; fileEncoding = 4; lastKnownFileType = sourcecode.c.objc; path = "UIScreen+XYAdd.m"; sourceTree = "<group>"; };
		7871AD9C1D18C41A0031AD41 /* UIScrollView+XYAdd.h */ = {isa = PBXFileReference; fileEncoding = 4; lastKnownFileType = sourcecode.c.h; path = "UIScrollView+XYAdd.h"; sourceTree = "<group>"; };
		7871AD9D1D18C41A0031AD41 /* UIScrollView+XYAdd.m */ = {isa = PBXFileReference; fileEncoding = 4; lastKnownFileType = sourcecode.c.objc; path = "UIScrollView+XYAdd.m"; sourceTree = "<group>"; };
		7871AD9E1D18C41A0031AD41 /* UITableView+XYAdd.h */ = {isa = PBXFileReference; fileEncoding = 4; lastKnownFileType = sourcecode.c.h; path = "UITableView+XYAdd.h"; sourceTree = "<group>"; };
		7871AD9F1D18C41A0031AD41 /* UITableView+XYAdd.m */ = {isa = PBXFileReference; fileEncoding = 4; lastKnownFileType = sourcecode.c.objc; path = "UITableView+XYAdd.m"; sourceTree = "<group>"; };
		7871ADA01D18C41A0031AD41 /* UITextField+XYAdd.h */ = {isa = PBXFileReference; fileEncoding = 4; lastKnownFileType = sourcecode.c.h; path = "UITextField+XYAdd.h"; sourceTree = "<group>"; };
		7871ADA11D18C41A0031AD41 /* UITextField+XYAdd.m */ = {isa = PBXFileReference; fileEncoding = 4; lastKnownFileType = sourcecode.c.objc; path = "UITextField+XYAdd.m"; sourceTree = "<group>"; };
		7871ADA21D18C41A0031AD41 /* UIView+XYAdd.h */ = {isa = PBXFileReference; fileEncoding = 4; lastKnownFileType = sourcecode.c.h; path = "UIView+XYAdd.h"; sourceTree = "<group>"; };
		7871ADA31D18C41A0031AD41 /* UIView+XYAdd.m */ = {isa = PBXFileReference; fileEncoding = 4; lastKnownFileType = sourcecode.c.objc; path = "UIView+XYAdd.m"; sourceTree = "<group>"; };
		7871ADA41D18C41A0031AD41 /* XYCategories.h */ = {isa = PBXFileReference; fileEncoding = 4; lastKnownFileType = sourcecode.c.h; path = XYCategories.h; sourceTree = "<group>"; };
		7871ADA51D18C41A0031AD41 /* XYCategoriesMacro.h */ = {isa = PBXFileReference; fileEncoding = 4; lastKnownFileType = sourcecode.c.h; path = XYCategoriesMacro.h; sourceTree = "<group>"; };
		7871ADC71D18C5CA0031AD41 /* YYKeyboardManager.h */ = {isa = PBXFileReference; fileEncoding = 4; lastKnownFileType = sourcecode.c.h; path = YYKeyboardManager.h; sourceTree = "<group>"; };
		7871ADC81D18C5CA0031AD41 /* YYKeyboardManager.m */ = {isa = PBXFileReference; fileEncoding = 4; lastKnownFileType = sourcecode.c.objc; path = YYKeyboardManager.m; sourceTree = "<group>"; };
		7871ADCB1D18C5E20031AD41 /* YYDispatchQueuePool.h */ = {isa = PBXFileReference; fileEncoding = 4; lastKnownFileType = sourcecode.c.h; path = YYDispatchQueuePool.h; sourceTree = "<group>"; };
		7871ADCC1D18C5E20031AD41 /* YYDispatchQueuePool.m */ = {isa = PBXFileReference; fileEncoding = 4; lastKnownFileType = sourcecode.c.objc; path = YYDispatchQueuePool.m; sourceTree = "<group>"; };
		7871ADCF1D18C5EE0031AD41 /* YYAsyncLayer.h */ = {isa = PBXFileReference; fileEncoding = 4; lastKnownFileType = sourcecode.c.h; path = YYAsyncLayer.h; sourceTree = "<group>"; };
		7871ADD01D18C5EE0031AD41 /* YYAsyncLayer.m */ = {isa = PBXFileReference; fileEncoding = 4; lastKnownFileType = sourcecode.c.objc; path = YYAsyncLayer.m; sourceTree = "<group>"; };
		7871ADD11D18C5EE0031AD41 /* YYSentinel.h */ = {isa = PBXFileReference; fileEncoding = 4; lastKnownFileType = sourcecode.c.h; path = YYSentinel.h; sourceTree = "<group>"; };
		7871ADD21D18C5EE0031AD41 /* YYSentinel.m */ = {isa = PBXFileReference; fileEncoding = 4; lastKnownFileType = sourcecode.c.objc; path = YYSentinel.m; sourceTree = "<group>"; };
		7871ADD31D18C5EE0031AD41 /* YYTransaction.h */ = {isa = PBXFileReference; fileEncoding = 4; lastKnownFileType = sourcecode.c.h; path = YYTransaction.h; sourceTree = "<group>"; };
		7871ADD41D18C5EE0031AD41 /* YYTransaction.m */ = {isa = PBXFileReference; fileEncoding = 4; lastKnownFileType = sourcecode.c.objc; path = YYTransaction.m; sourceTree = "<group>"; };
		7871ADDA1D18C6040031AD41 /* NSArray+YYAdd.h */ = {isa = PBXFileReference; fileEncoding = 4; lastKnownFileType = sourcecode.c.h; path = "NSArray+YYAdd.h"; sourceTree = "<group>"; };
		7871ADDB1D18C6040031AD41 /* NSArray+YYAdd.m */ = {isa = PBXFileReference; fileEncoding = 4; lastKnownFileType = sourcecode.c.objc; path = "NSArray+YYAdd.m"; sourceTree = "<group>"; };
		7871ADDC1D18C6040031AD41 /* NSBundle+YYAdd.h */ = {isa = PBXFileReference; fileEncoding = 4; lastKnownFileType = sourcecode.c.h; path = "NSBundle+YYAdd.h"; sourceTree = "<group>"; };
		7871ADDD1D18C6040031AD41 /* NSBundle+YYAdd.m */ = {isa = PBXFileReference; fileEncoding = 4; lastKnownFileType = sourcecode.c.objc; path = "NSBundle+YYAdd.m"; sourceTree = "<group>"; };
		7871ADDE1D18C6040031AD41 /* NSData+YYAdd.h */ = {isa = PBXFileReference; fileEncoding = 4; lastKnownFileType = sourcecode.c.h; path = "NSData+YYAdd.h"; sourceTree = "<group>"; };
		7871ADDF1D18C6040031AD41 /* NSData+YYAdd.m */ = {isa = PBXFileReference; fileEncoding = 4; lastKnownFileType = sourcecode.c.objc; path = "NSData+YYAdd.m"; sourceTree = "<group>"; };
		7871ADE01D18C6040031AD41 /* NSDate+YYAdd.h */ = {isa = PBXFileReference; fileEncoding = 4; lastKnownFileType = sourcecode.c.h; path = "NSDate+YYAdd.h"; sourceTree = "<group>"; };
		7871ADE11D18C6040031AD41 /* NSDate+YYAdd.m */ = {isa = PBXFileReference; fileEncoding = 4; lastKnownFileType = sourcecode.c.objc; path = "NSDate+YYAdd.m"; sourceTree = "<group>"; };
		7871ADE21D18C6040031AD41 /* NSDictionary+YYAdd.h */ = {isa = PBXFileReference; fileEncoding = 4; lastKnownFileType = sourcecode.c.h; path = "NSDictionary+YYAdd.h"; sourceTree = "<group>"; };
		7871ADE31D18C6040031AD41 /* NSDictionary+YYAdd.m */ = {isa = PBXFileReference; fileEncoding = 4; lastKnownFileType = sourcecode.c.objc; path = "NSDictionary+YYAdd.m"; sourceTree = "<group>"; };
		7871ADE41D18C6040031AD41 /* NSKeyedUnarchiver+YYAdd.h */ = {isa = PBXFileReference; fileEncoding = 4; lastKnownFileType = sourcecode.c.h; path = "NSKeyedUnarchiver+YYAdd.h"; sourceTree = "<group>"; };
		7871ADE51D18C6040031AD41 /* NSKeyedUnarchiver+YYAdd.m */ = {isa = PBXFileReference; fileEncoding = 4; lastKnownFileType = sourcecode.c.objc; path = "NSKeyedUnarchiver+YYAdd.m"; sourceTree = "<group>"; };
		7871ADE61D18C6040031AD41 /* NSNotificationCenter+YYAdd.h */ = {isa = PBXFileReference; fileEncoding = 4; lastKnownFileType = sourcecode.c.h; path = "NSNotificationCenter+YYAdd.h"; sourceTree = "<group>"; };
		7871ADE71D18C6040031AD41 /* NSNotificationCenter+YYAdd.m */ = {isa = PBXFileReference; fileEncoding = 4; lastKnownFileType = sourcecode.c.objc; path = "NSNotificationCenter+YYAdd.m"; sourceTree = "<group>"; };
		7871ADE81D18C6040031AD41 /* NSNumber+YYAdd.h */ = {isa = PBXFileReference; fileEncoding = 4; lastKnownFileType = sourcecode.c.h; path = "NSNumber+YYAdd.h"; sourceTree = "<group>"; };
		7871ADE91D18C6040031AD41 /* NSNumber+YYAdd.m */ = {isa = PBXFileReference; fileEncoding = 4; lastKnownFileType = sourcecode.c.objc; path = "NSNumber+YYAdd.m"; sourceTree = "<group>"; };
		7871ADEA1D18C6040031AD41 /* NSObject+YYAdd.h */ = {isa = PBXFileReference; fileEncoding = 4; lastKnownFileType = sourcecode.c.h; path = "NSObject+YYAdd.h"; sourceTree = "<group>"; };
		7871ADEB1D18C6040031AD41 /* NSObject+YYAdd.m */ = {isa = PBXFileReference; fileEncoding = 4; lastKnownFileType = sourcecode.c.objc; path = "NSObject+YYAdd.m"; sourceTree = "<group>"; };
		7871ADEC1D18C6040031AD41 /* NSObject+YYAddForARC.h */ = {isa = PBXFileReference; fileEncoding = 4; lastKnownFileType = sourcecode.c.h; path = "NSObject+YYAddForARC.h"; sourceTree = "<group>"; };
		7871ADED1D18C6040031AD41 /* NSObject+YYAddForARC.m */ = {isa = PBXFileReference; fileEncoding = 4; lastKnownFileType = sourcecode.c.objc; path = "NSObject+YYAddForARC.m"; sourceTree = "<group>"; };
		7871ADEE1D18C6040031AD41 /* NSObject+YYAddForKVO.h */ = {isa = PBXFileReference; fileEncoding = 4; lastKnownFileType = sourcecode.c.h; path = "NSObject+YYAddForKVO.h"; sourceTree = "<group>"; };
		7871ADEF1D18C6040031AD41 /* NSObject+YYAddForKVO.m */ = {isa = PBXFileReference; fileEncoding = 4; lastKnownFileType = sourcecode.c.objc; path = "NSObject+YYAddForKVO.m"; sourceTree = "<group>"; };
		7871ADF01D18C6040031AD41 /* NSString+YYAdd.h */ = {isa = PBXFileReference; fileEncoding = 4; lastKnownFileType = sourcecode.c.h; path = "NSString+YYAdd.h"; sourceTree = "<group>"; };
		7871ADF11D18C6040031AD41 /* NSString+YYAdd.m */ = {isa = PBXFileReference; fileEncoding = 4; lastKnownFileType = sourcecode.c.objc; path = "NSString+YYAdd.m"; sourceTree = "<group>"; };
		7871ADF21D18C6040031AD41 /* NSThread+YYAdd.h */ = {isa = PBXFileReference; fileEncoding = 4; lastKnownFileType = sourcecode.c.h; path = "NSThread+YYAdd.h"; sourceTree = "<group>"; };
		7871ADF31D18C6040031AD41 /* NSThread+YYAdd.m */ = {isa = PBXFileReference; fileEncoding = 4; lastKnownFileType = sourcecode.c.objc; path = "NSThread+YYAdd.m"; sourceTree = "<group>"; };
		7871ADF41D18C6040031AD41 /* NSTimer+YYAdd.h */ = {isa = PBXFileReference; fileEncoding = 4; lastKnownFileType = sourcecode.c.h; path = "NSTimer+YYAdd.h"; sourceTree = "<group>"; };
		7871ADF51D18C6040031AD41 /* NSTimer+YYAdd.m */ = {isa = PBXFileReference; fileEncoding = 4; lastKnownFileType = sourcecode.c.objc; path = "NSTimer+YYAdd.m"; sourceTree = "<group>"; };
		7871ADF71D18C6040031AD41 /* CALayer+YYAdd.h */ = {isa = PBXFileReference; fileEncoding = 4; lastKnownFileType = sourcecode.c.h; path = "CALayer+YYAdd.h"; sourceTree = "<group>"; };
		7871ADF81D18C6040031AD41 /* CALayer+YYAdd.m */ = {isa = PBXFileReference; fileEncoding = 4; lastKnownFileType = sourcecode.c.objc; path = "CALayer+YYAdd.m"; sourceTree = "<group>"; };
		7871ADF91D18C6040031AD41 /* YYCGUtilities.h */ = {isa = PBXFileReference; fileEncoding = 4; lastKnownFileType = sourcecode.c.h; path = YYCGUtilities.h; sourceTree = "<group>"; };
		7871ADFA1D18C6040031AD41 /* YYCGUtilities.m */ = {isa = PBXFileReference; fileEncoding = 4; lastKnownFileType = sourcecode.c.objc; path = YYCGUtilities.m; sourceTree = "<group>"; };
		7871ADFC1D18C6040031AD41 /* UIApplication+YYAdd.h */ = {isa = PBXFileReference; fileEncoding = 4; lastKnownFileType = sourcecode.c.h; path = "UIApplication+YYAdd.h"; sourceTree = "<group>"; };
		7871ADFD1D18C6040031AD41 /* UIApplication+YYAdd.m */ = {isa = PBXFileReference; fileEncoding = 4; lastKnownFileType = sourcecode.c.objc; path = "UIApplication+YYAdd.m"; sourceTree = "<group>"; };
		7871ADFE1D18C6040031AD41 /* UIBarButtonItem+YYAdd.h */ = {isa = PBXFileReference; fileEncoding = 4; lastKnownFileType = sourcecode.c.h; path = "UIBarButtonItem+YYAdd.h"; sourceTree = "<group>"; };
		7871ADFF1D18C6040031AD41 /* UIBarButtonItem+YYAdd.m */ = {isa = PBXFileReference; fileEncoding = 4; lastKnownFileType = sourcecode.c.objc; path = "UIBarButtonItem+YYAdd.m"; sourceTree = "<group>"; };
		7871AE001D18C6040031AD41 /* UIBezierPath+YYAdd.h */ = {isa = PBXFileReference; fileEncoding = 4; lastKnownFileType = sourcecode.c.h; path = "UIBezierPath+YYAdd.h"; sourceTree = "<group>"; };
		7871AE011D18C6040031AD41 /* UIBezierPath+YYAdd.m */ = {isa = PBXFileReference; fileEncoding = 4; lastKnownFileType = sourcecode.c.objc; path = "UIBezierPath+YYAdd.m"; sourceTree = "<group>"; };
		7871AE021D18C6040031AD41 /* UIColor+YYAdd.h */ = {isa = PBXFileReference; fileEncoding = 4; lastKnownFileType = sourcecode.c.h; path = "UIColor+YYAdd.h"; sourceTree = "<group>"; };
		7871AE031D18C6040031AD41 /* UIColor+YYAdd.m */ = {isa = PBXFileReference; fileEncoding = 4; lastKnownFileType = sourcecode.c.objc; path = "UIColor+YYAdd.m"; sourceTree = "<group>"; };
		7871AE041D18C6040031AD41 /* UIControl+YYAdd.h */ = {isa = PBXFileReference; fileEncoding = 4; lastKnownFileType = sourcecode.c.h; path = "UIControl+YYAdd.h"; sourceTree = "<group>"; };
		7871AE051D18C6040031AD41 /* UIControl+YYAdd.m */ = {isa = PBXFileReference; fileEncoding = 4; lastKnownFileType = sourcecode.c.objc; path = "UIControl+YYAdd.m"; sourceTree = "<group>"; };
		7871AE061D18C6040031AD41 /* UIDevice+YYAdd.h */ = {isa = PBXFileReference; fileEncoding = 4; lastKnownFileType = sourcecode.c.h; path = "UIDevice+YYAdd.h"; sourceTree = "<group>"; };
		7871AE071D18C6040031AD41 /* UIDevice+YYAdd.m */ = {isa = PBXFileReference; fileEncoding = 4; lastKnownFileType = sourcecode.c.objc; path = "UIDevice+YYAdd.m"; sourceTree = "<group>"; };
		7871AE081D18C6040031AD41 /* UIFont+YYAdd.h */ = {isa = PBXFileReference; fileEncoding = 4; lastKnownFileType = sourcecode.c.h; path = "UIFont+YYAdd.h"; sourceTree = "<group>"; };
		7871AE091D18C6040031AD41 /* UIFont+YYAdd.m */ = {isa = PBXFileReference; fileEncoding = 4; lastKnownFileType = sourcecode.c.objc; path = "UIFont+YYAdd.m"; sourceTree = "<group>"; };
		7871AE0A1D18C6040031AD41 /* UIGestureRecognizer+YYAdd.h */ = {isa = PBXFileReference; fileEncoding = 4; lastKnownFileType = sourcecode.c.h; path = "UIGestureRecognizer+YYAdd.h"; sourceTree = "<group>"; };
		7871AE0B1D18C6040031AD41 /* UIGestureRecognizer+YYAdd.m */ = {isa = PBXFileReference; fileEncoding = 4; lastKnownFileType = sourcecode.c.objc; path = "UIGestureRecognizer+YYAdd.m"; sourceTree = "<group>"; };
		7871AE0C1D18C6040031AD41 /* UIImage+YYAdd.h */ = {isa = PBXFileReference; fileEncoding = 4; lastKnownFileType = sourcecode.c.h; path = "UIImage+YYAdd.h"; sourceTree = "<group>"; };
		7871AE0D1D18C6040031AD41 /* UIImage+YYAdd.m */ = {isa = PBXFileReference; fileEncoding = 4; lastKnownFileType = sourcecode.c.objc; path = "UIImage+YYAdd.m"; sourceTree = "<group>"; };
		7871AE0E1D18C6040031AD41 /* UIScreen+YYAdd.h */ = {isa = PBXFileReference; fileEncoding = 4; lastKnownFileType = sourcecode.c.h; path = "UIScreen+YYAdd.h"; sourceTree = "<group>"; };
		7871AE0F1D18C6040031AD41 /* UIScreen+YYAdd.m */ = {isa = PBXFileReference; fileEncoding = 4; lastKnownFileType = sourcecode.c.objc; path = "UIScreen+YYAdd.m"; sourceTree = "<group>"; };
		7871AE101D18C6040031AD41 /* UIScrollView+YYAdd.h */ = {isa = PBXFileReference; fileEncoding = 4; lastKnownFileType = sourcecode.c.h; path = "UIScrollView+YYAdd.h"; sourceTree = "<group>"; };
		7871AE111D18C6040031AD41 /* UIScrollView+YYAdd.m */ = {isa = PBXFileReference; fileEncoding = 4; lastKnownFileType = sourcecode.c.objc; path = "UIScrollView+YYAdd.m"; sourceTree = "<group>"; };
		7871AE121D18C6040031AD41 /* UITableView+YYAdd.h */ = {isa = PBXFileReference; fileEncoding = 4; lastKnownFileType = sourcecode.c.h; path = "UITableView+YYAdd.h"; sourceTree = "<group>"; };
		7871AE131D18C6040031AD41 /* UITableView+YYAdd.m */ = {isa = PBXFileReference; fileEncoding = 4; lastKnownFileType = sourcecode.c.objc; path = "UITableView+YYAdd.m"; sourceTree = "<group>"; };
		7871AE141D18C6040031AD41 /* UITextField+YYAdd.h */ = {isa = PBXFileReference; fileEncoding = 4; lastKnownFileType = sourcecode.c.h; path = "UITextField+YYAdd.h"; sourceTree = "<group>"; };
		7871AE151D18C6040031AD41 /* UITextField+YYAdd.m */ = {isa = PBXFileReference; fileEncoding = 4; lastKnownFileType = sourcecode.c.objc; path = "UITextField+YYAdd.m"; sourceTree = "<group>"; };
		7871AE161D18C6040031AD41 /* UIView+YYAdd.h */ = {isa = PBXFileReference; fileEncoding = 4; lastKnownFileType = sourcecode.c.h; path = "UIView+YYAdd.h"; sourceTree = "<group>"; };
		7871AE171D18C6040031AD41 /* UIView+YYAdd.m */ = {isa = PBXFileReference; fileEncoding = 4; lastKnownFileType = sourcecode.c.objc; path = "UIView+YYAdd.m"; sourceTree = "<group>"; };
		7871AE181D18C6040031AD41 /* YYCategories.h */ = {isa = PBXFileReference; fileEncoding = 4; lastKnownFileType = sourcecode.c.h; path = YYCategories.h; sourceTree = "<group>"; };
		7871AE191D18C6040031AD41 /* YYCategoriesMacro.h */ = {isa = PBXFileReference; fileEncoding = 4; lastKnownFileType = sourcecode.c.h; path = YYCategoriesMacro.h; sourceTree = "<group>"; };
		7871AE3A1D18C75F0031AD41 /* UIKit.framework */ = {isa = PBXFileReference; lastKnownFileType = wrapper.framework; name = UIKit.framework; path = System/Library/Frameworks/UIKit.framework; sourceTree = SDKROOT; };
		7871AE3C1D18C76A0031AD41 /* CoreGraphics.framework */ = {isa = PBXFileReference; lastKnownFileType = wrapper.framework; name = CoreGraphics.framework; path = System/Library/Frameworks/CoreGraphics.framework; sourceTree = SDKROOT; };
		7871AE3E1D18C7710031AD41 /* QuartzCore.framework */ = {isa = PBXFileReference; lastKnownFileType = wrapper.framework; name = QuartzCore.framework; path = System/Library/Frameworks/QuartzCore.framework; sourceTree = SDKROOT; };
		7871AE401D18C7790031AD41 /* Accelerate.framework */ = {isa = PBXFileReference; lastKnownFileType = wrapper.framework; name = Accelerate.framework; path = System/Library/Frameworks/Accelerate.framework; sourceTree = SDKROOT; };
		7871AE421D18C7810031AD41 /* ImageIO.framework */ = {isa = PBXFileReference; lastKnownFileType = wrapper.framework; name = ImageIO.framework; path = System/Library/Frameworks/ImageIO.framework; sourceTree = SDKROOT; };
		7871AE441D18C7890031AD41 /* CoreText.framework */ = {isa = PBXFileReference; lastKnownFileType = wrapper.framework; name = CoreText.framework; path = System/Library/Frameworks/CoreText.framework; sourceTree = SDKROOT; };
		7871AE461D18C7910031AD41 /* CoreFoundation.framework */ = {isa = PBXFileReference; lastKnownFileType = wrapper.framework; name = CoreFoundation.framework; path = System/Library/Frameworks/CoreFoundation.framework; sourceTree = SDKROOT; };
		7871AE481D18C79E0031AD41 /* libz.tbd */ = {isa = PBXFileReference; lastKnownFileType = "sourcecode.text-based-dylib-definition"; name = libz.tbd; path = usr/lib/libz.tbd; sourceTree = SDKROOT; };
		7871AE4A1D18C8420031AD41 /* MBProgressHUD.h */ = {isa = PBXFileReference; fileEncoding = 4; lastKnownFileType = sourcecode.c.h; path = MBProgressHUD.h; sourceTree = "<group>"; };
		7871AE4B1D18C8420031AD41 /* MBProgressHUD.m */ = {isa = PBXFileReference; fileEncoding = 4; lastKnownFileType = sourcecode.c.objc; path = MBProgressHUD.m; sourceTree = "<group>"; };
		7871AE4F1D18C9D70031AD41 /* AFHTTPSessionManager.h */ = {isa = PBXFileReference; fileEncoding = 4; lastKnownFileType = sourcecode.c.h; path = AFHTTPSessionManager.h; sourceTree = "<group>"; };
		7871AE501D18C9D70031AD41 /* AFHTTPSessionManager.m */ = {isa = PBXFileReference; fileEncoding = 4; lastKnownFileType = sourcecode.c.objc; path = AFHTTPSessionManager.m; sourceTree = "<group>"; };
		7871AE511D18C9D70031AD41 /* AFNetworking.h */ = {isa = PBXFileReference; fileEncoding = 4; lastKnownFileType = sourcecode.c.h; path = AFNetworking.h; sourceTree = "<group>"; };
		7871AE521D18C9D70031AD41 /* AFNetworkReachabilityManager.h */ = {isa = PBXFileReference; fileEncoding = 4; lastKnownFileType = sourcecode.c.h; path = AFNetworkReachabilityManager.h; sourceTree = "<group>"; };
		7871AE531D18C9D70031AD41 /* AFNetworkReachabilityManager.m */ = {isa = PBXFileReference; fileEncoding = 4; lastKnownFileType = sourcecode.c.objc; path = AFNetworkReachabilityManager.m; sourceTree = "<group>"; };
		7871AE541D18C9D70031AD41 /* AFSecurityPolicy.h */ = {isa = PBXFileReference; fileEncoding = 4; lastKnownFileType = sourcecode.c.h; path = AFSecurityPolicy.h; sourceTree = "<group>"; };
		7871AE551D18C9D70031AD41 /* AFSecurityPolicy.m */ = {isa = PBXFileReference; fileEncoding = 4; lastKnownFileType = sourcecode.c.objc; path = AFSecurityPolicy.m; sourceTree = "<group>"; };
		7871AE561D18C9D70031AD41 /* AFURLRequestSerialization.h */ = {isa = PBXFileReference; fileEncoding = 4; lastKnownFileType = sourcecode.c.h; path = AFURLRequestSerialization.h; sourceTree = "<group>"; };
		7871AE571D18C9D70031AD41 /* AFURLRequestSerialization.m */ = {isa = PBXFileReference; fileEncoding = 4; lastKnownFileType = sourcecode.c.objc; path = AFURLRequestSerialization.m; sourceTree = "<group>"; };
		7871AE581D18C9D70031AD41 /* AFURLResponseSerialization.h */ = {isa = PBXFileReference; fileEncoding = 4; lastKnownFileType = sourcecode.c.h; path = AFURLResponseSerialization.h; sourceTree = "<group>"; };
		7871AE591D18C9D70031AD41 /* AFURLResponseSerialization.m */ = {isa = PBXFileReference; fileEncoding = 4; lastKnownFileType = sourcecode.c.objc; path = AFURLResponseSerialization.m; sourceTree = "<group>"; };
		7871AE5A1D18C9D70031AD41 /* AFURLSessionManager.h */ = {isa = PBXFileReference; fileEncoding = 4; lastKnownFileType = sourcecode.c.h; path = AFURLSessionManager.h; sourceTree = "<group>"; };
		7871AE5B1D18C9D70031AD41 /* AFURLSessionManager.m */ = {isa = PBXFileReference; fileEncoding = 4; lastKnownFileType = sourcecode.c.objc; path = AFURLSessionManager.m; sourceTree = "<group>"; };
		7871AE631D18CA360031AD41 /* MKAnnotationView+WebCache.h */ = {isa = PBXFileReference; fileEncoding = 4; lastKnownFileType = sourcecode.c.h; path = "MKAnnotationView+WebCache.h"; sourceTree = "<group>"; };
		7871AE641D18CA360031AD41 /* MKAnnotationView+WebCache.m */ = {isa = PBXFileReference; fileEncoding = 4; lastKnownFileType = sourcecode.c.objc; path = "MKAnnotationView+WebCache.m"; sourceTree = "<group>"; };
		7871AE651D18CA360031AD41 /* NSData+ImageContentType.h */ = {isa = PBXFileReference; fileEncoding = 4; lastKnownFileType = sourcecode.c.h; path = "NSData+ImageContentType.h"; sourceTree = "<group>"; };
		7871AE661D18CA360031AD41 /* NSData+ImageContentType.m */ = {isa = PBXFileReference; fileEncoding = 4; lastKnownFileType = sourcecode.c.objc; path = "NSData+ImageContentType.m"; sourceTree = "<group>"; };
		7871AE671D18CA360031AD41 /* SDImageCache.h */ = {isa = PBXFileReference; fileEncoding = 4; lastKnownFileType = sourcecode.c.h; path = SDImageCache.h; sourceTree = "<group>"; };
		7871AE681D18CA360031AD41 /* SDImageCache.m */ = {isa = PBXFileReference; fileEncoding = 4; lastKnownFileType = sourcecode.c.objc; path = SDImageCache.m; sourceTree = "<group>"; };
		7871AE691D18CA360031AD41 /* SDWebImageCompat.h */ = {isa = PBXFileReference; fileEncoding = 4; lastKnownFileType = sourcecode.c.h; path = SDWebImageCompat.h; sourceTree = "<group>"; };
		7871AE6A1D18CA360031AD41 /* SDWebImageCompat.m */ = {isa = PBXFileReference; fileEncoding = 4; lastKnownFileType = sourcecode.c.objc; path = SDWebImageCompat.m; sourceTree = "<group>"; };
		7871AE6B1D18CA360031AD41 /* SDWebImageDecoder.h */ = {isa = PBXFileReference; fileEncoding = 4; lastKnownFileType = sourcecode.c.h; path = SDWebImageDecoder.h; sourceTree = "<group>"; };
		7871AE6C1D18CA360031AD41 /* SDWebImageDecoder.m */ = {isa = PBXFileReference; fileEncoding = 4; lastKnownFileType = sourcecode.c.objc; path = SDWebImageDecoder.m; sourceTree = "<group>"; };
		7871AE6D1D18CA360031AD41 /* SDWebImageDownloader.h */ = {isa = PBXFileReference; fileEncoding = 4; lastKnownFileType = sourcecode.c.h; path = SDWebImageDownloader.h; sourceTree = "<group>"; };
		7871AE6E1D18CA360031AD41 /* SDWebImageDownloader.m */ = {isa = PBXFileReference; fileEncoding = 4; lastKnownFileType = sourcecode.c.objc; path = SDWebImageDownloader.m; sourceTree = "<group>"; };
		7871AE6F1D18CA360031AD41 /* SDWebImageDownloaderOperation.h */ = {isa = PBXFileReference; fileEncoding = 4; lastKnownFileType = sourcecode.c.h; path = SDWebImageDownloaderOperation.h; sourceTree = "<group>"; };
		7871AE701D18CA360031AD41 /* SDWebImageDownloaderOperation.m */ = {isa = PBXFileReference; fileEncoding = 4; lastKnownFileType = sourcecode.c.objc; path = SDWebImageDownloaderOperation.m; sourceTree = "<group>"; };
		7871AE711D18CA360031AD41 /* SDWebImageManager.h */ = {isa = PBXFileReference; fileEncoding = 4; lastKnownFileType = sourcecode.c.h; path = SDWebImageManager.h; sourceTree = "<group>"; };
		7871AE721D18CA360031AD41 /* SDWebImageManager.m */ = {isa = PBXFileReference; fileEncoding = 4; lastKnownFileType = sourcecode.c.objc; path = SDWebImageManager.m; sourceTree = "<group>"; };
		7871AE731D18CA360031AD41 /* SDWebImageOperation.h */ = {isa = PBXFileReference; fileEncoding = 4; lastKnownFileType = sourcecode.c.h; path = SDWebImageOperation.h; sourceTree = "<group>"; };
		7871AE741D18CA360031AD41 /* SDWebImagePrefetcher.h */ = {isa = PBXFileReference; fileEncoding = 4; lastKnownFileType = sourcecode.c.h; path = SDWebImagePrefetcher.h; sourceTree = "<group>"; };
		7871AE751D18CA360031AD41 /* SDWebImagePrefetcher.m */ = {isa = PBXFileReference; fileEncoding = 4; lastKnownFileType = sourcecode.c.objc; path = SDWebImagePrefetcher.m; sourceTree = "<group>"; };
		7871AE761D18CA360031AD41 /* UIButton+WebCache.h */ = {isa = PBXFileReference; fileEncoding = 4; lastKnownFileType = sourcecode.c.h; path = "UIButton+WebCache.h"; sourceTree = "<group>"; };
		7871AE771D18CA360031AD41 /* UIButton+WebCache.m */ = {isa = PBXFileReference; fileEncoding = 4; lastKnownFileType = sourcecode.c.objc; path = "UIButton+WebCache.m"; sourceTree = "<group>"; };
		7871AE781D18CA360031AD41 /* UIImage+GIF.h */ = {isa = PBXFileReference; fileEncoding = 4; lastKnownFileType = sourcecode.c.h; path = "UIImage+GIF.h"; sourceTree = "<group>"; };
		7871AE791D18CA360031AD41 /* UIImage+GIF.m */ = {isa = PBXFileReference; fileEncoding = 4; lastKnownFileType = sourcecode.c.objc; path = "UIImage+GIF.m"; sourceTree = "<group>"; };
		7871AE7A1D18CA360031AD41 /* UIImage+MultiFormat.h */ = {isa = PBXFileReference; fileEncoding = 4; lastKnownFileType = sourcecode.c.h; path = "UIImage+MultiFormat.h"; sourceTree = "<group>"; };
		7871AE7B1D18CA360031AD41 /* UIImage+MultiFormat.m */ = {isa = PBXFileReference; fileEncoding = 4; lastKnownFileType = sourcecode.c.objc; path = "UIImage+MultiFormat.m"; sourceTree = "<group>"; };
		7871AE7C1D18CA360031AD41 /* UIImage+WebP.h */ = {isa = PBXFileReference; fileEncoding = 4; lastKnownFileType = sourcecode.c.h; path = "UIImage+WebP.h"; sourceTree = "<group>"; };
		7871AE7D1D18CA360031AD41 /* UIImage+WebP.m */ = {isa = PBXFileReference; fileEncoding = 4; lastKnownFileType = sourcecode.c.objc; path = "UIImage+WebP.m"; sourceTree = "<group>"; };
		7871AE7E1D18CA360031AD41 /* UIImageView+HighlightedWebCache.h */ = {isa = PBXFileReference; fileEncoding = 4; lastKnownFileType = sourcecode.c.h; path = "UIImageView+HighlightedWebCache.h"; sourceTree = "<group>"; };
		7871AE7F1D18CA360031AD41 /* UIImageView+HighlightedWebCache.m */ = {isa = PBXFileReference; fileEncoding = 4; lastKnownFileType = sourcecode.c.objc; path = "UIImageView+HighlightedWebCache.m"; sourceTree = "<group>"; };
		7871AE801D18CA360031AD41 /* UIImageView+WebCache.h */ = {isa = PBXFileReference; fileEncoding = 4; lastKnownFileType = sourcecode.c.h; path = "UIImageView+WebCache.h"; sourceTree = "<group>"; };
		7871AE811D18CA360031AD41 /* UIImageView+WebCache.m */ = {isa = PBXFileReference; fileEncoding = 4; lastKnownFileType = sourcecode.c.objc; path = "UIImageView+WebCache.m"; sourceTree = "<group>"; };
		7871AE821D18CA360031AD41 /* UIView+WebCacheOperation.h */ = {isa = PBXFileReference; fileEncoding = 4; lastKnownFileType = sourcecode.c.h; path = "UIView+WebCacheOperation.h"; sourceTree = "<group>"; };
		7871AE831D18CA360031AD41 /* UIView+WebCacheOperation.m */ = {isa = PBXFileReference; fileEncoding = 4; lastKnownFileType = sourcecode.c.objc; path = "UIView+WebCacheOperation.m"; sourceTree = "<group>"; };
		952EEC331D197CCB00248BE5 /* XYKeyboardManager.h */ = {isa = PBXFileReference; fileEncoding = 4; lastKnownFileType = sourcecode.c.h; name = XYKeyboardManager.h; path = XYZZZZ/XYKit/XYKeyboardManager.h; sourceTree = SOURCE_ROOT; };
		952EEC341D197CCB00248BE5 /* XYKeyboardManager.m */ = {isa = PBXFileReference; fileEncoding = 4; lastKnownFileType = sourcecode.c.objc; name = XYKeyboardManager.m; path = XYZZZZ/XYKit/XYKeyboardManager.m; sourceTree = SOURCE_ROOT; };
		952EEC361D1AD09B00248BE5 /* XYDispatchQueuePool.h */ = {isa = PBXFileReference; fileEncoding = 4; lastKnownFileType = sourcecode.c.h; name = XYDispatchQueuePool.h; path = XYZZZZ/XYKit/XYDispatchQueuePool.h; sourceTree = SOURCE_ROOT; };
		952EEC371D1AD09B00248BE5 /* XYDispatchQueuePool.m */ = {isa = PBXFileReference; fileEncoding = 4; lastKnownFileType = sourcecode.c.objc; name = XYDispatchQueuePool.m; path = XYZZZZ/XYKit/XYDispatchQueuePool.m; sourceTree = SOURCE_ROOT; };
/* End PBXFileReference section */

/* Begin PBXFrameworksBuildPhase section */
		7871AD471D18C40D0031AD41 /* Frameworks */ = {
			isa = PBXFrameworksBuildPhase;
			buildActionMask = 2147483647;
			files = (
				7871AE491D18C79E0031AD41 /* libz.tbd in Frameworks */,
				7871AE471D18C7910031AD41 /* CoreFoundation.framework in Frameworks */,
				7871AE451D18C7890031AD41 /* CoreText.framework in Frameworks */,
				7871AE431D18C7810031AD41 /* ImageIO.framework in Frameworks */,
				7871AE411D18C7790031AD41 /* Accelerate.framework in Frameworks */,
				7871AE3F1D18C7710031AD41 /* QuartzCore.framework in Frameworks */,
				7871AE3D1D18C76A0031AD41 /* CoreGraphics.framework in Frameworks */,
				7871AE3B1D18C75F0031AD41 /* UIKit.framework in Frameworks */,
			);
			runOnlyForDeploymentPostprocessing = 0;
		};
/* End PBXFrameworksBuildPhase section */

/* Begin PBXGroup section */
		7871AD411D18C40D0031AD41 = {
			isa = PBXGroup;
			children = (
				7871AD4C1D18C40D0031AD41 /* XYZZZZ */,
				7871AD4B1D18C40D0031AD41 /* Products */,
			);
			sourceTree = "<group>";
		};
		7871AD4B1D18C40D0031AD41 /* Products */ = {
			isa = PBXGroup;
			children = (
				7871AD4A1D18C40D0031AD41 /* XYZZZZ.app */,
			);
			name = Products;
			sourceTree = "<group>";
		};
		7871AD4C1D18C40D0031AD41 /* XYZZZZ */ = {
			isa = PBXGroup;
			children = (
				7871AD501D18C40D0031AD41 /* AppDelegate.h */,
				7871AD511D18C40D0031AD41 /* AppDelegate.m */,
				7871AD531D18C40D0031AD41 /* ViewController.h */,
				7871AD541D18C40D0031AD41 /* ViewController.m */,
				7871AD561D18C40D0031AD41 /* Main.storyboard */,
				7871AD591D18C40D0031AD41 /* Assets.xcassets */,
				7871AD5B1D18C40D0031AD41 /* LaunchScreen.storyboard */,
				7871AD5E1D18C40D0031AD41 /* Info.plist */,
				7871AD4D1D18C40D0031AD41 /* Supporting Files */,
			);
			path = XYZZZZ;
			sourceTree = "<group>";
		};
		7871AD4D1D18C40D0031AD41 /* Supporting Files */ = {
			isa = PBXGroup;
			children = (
				7871AE391D18C7100031AD41 /* Framework */,
				7871AE381D18C61D0031AD41 /* ThirdParty */,
				7871ADC51D18C5A00031AD41 /* SomeDemo */,
				7871AD641D18C4190031AD41 /* XYKit */,
				7871AD4E1D18C40D0031AD41 /* main.m */,
			);
			name = "Supporting Files";
			sourceTree = "<group>";
		};
		7871AD641D18C4190031AD41 /* XYKit */ = {
			isa = PBXGroup;
			children = (
				7871AD651D18C4190031AD41 /* XYAsyncLayer */,
				7871AD661D18C4190031AD41 /* XYCategories */,
				7871ADA61D18C41A0031AD41 /* XYDispatchQueuePool */,
				7871ADA71D18C41A0031AD41 /* XYKeyboardManager */,
			);
			path = XYKit;
			sourceTree = "<group>";
		};
		7871AD651D18C4190031AD41 /* XYAsyncLayer */ = {
			isa = PBXGroup;
			children = (
			);
			path = XYAsyncLayer;
			sourceTree = "<group>";
		};
		7871AD661D18C4190031AD41 /* XYCategories */ = {
			isa = PBXGroup;
			children = (
				7871AD671D18C4190031AD41 /* Foundation */,
				7871AD821D18C4190031AD41 /* Quartz */,
				7871AD871D18C4190031AD41 /* UIKit */,
				7871ADA41D18C41A0031AD41 /* XYCategories.h */,
				7871ADA51D18C41A0031AD41 /* XYCategoriesMacro.h */,
			);
			path = XYCategories;
			sourceTree = "<group>";
		};
		7871AD671D18C4190031AD41 /* Foundation */ = {
			isa = PBXGroup;
			children = (
				7871AD681D18C4190031AD41 /* NSArray+XYAdd.h */,
				7871AD691D18C4190031AD41 /* NSArray+XYAdd.m */,
				7871AD6A1D18C4190031AD41 /* NSBundle+XYAdd.h */,
				7871AD6B1D18C4190031AD41 /* NSBundle+XYAdd.m */,
				7871AD6C1D18C4190031AD41 /* NSData+XYAdd.h */,
				7871AD6D1D18C4190031AD41 /* NSData+XYAdd.m */,
				7871AD6E1D18C4190031AD41 /* NSDate+XYAdd.h */,
				7871AD6F1D18C4190031AD41 /* NSDate+XYAdd.m */,
				7871AD701D18C4190031AD41 /* NSDictionary+XYAdd.h */,
				7871AD711D18C4190031AD41 /* NSDictionary+XYAdd.m */,
				7871AD721D18C4190031AD41 /* NSKeyedUnarchiver+XYAdd.h */,
				7871AD731D18C4190031AD41 /* NSKeyedUnarchiver+XYAdd.m */,
				7871AD741D18C4190031AD41 /* NSNotificationCenter+XYAdd.h */,
				7871AD751D18C4190031AD41 /* NSNotificationCenter+XYAdd.m */,
				7871AD761D18C4190031AD41 /* NSNumber+XYAdd.h */,
				7871AD771D18C4190031AD41 /* NSNumber+XYAdd.m */,
				7871AD781D18C4190031AD41 /* NSObject+XYAdd.h */,
				7871AD791D18C4190031AD41 /* NSObject+XYAdd.m */,
				7871AD7A1D18C4190031AD41 /* NSObject+XYAddForKVO.h */,
				7871AD7B1D18C4190031AD41 /* NSObject+XYAddForKVO.m */,
				7871AD7C1D18C4190031AD41 /* NSString+XYAdd.h */,
				7871AD7D1D18C4190031AD41 /* NSString+XYAdd.m */,
				7871AD7E1D18C4190031AD41 /* NSThread+XYAdd.h */,
				7871AD7F1D18C4190031AD41 /* NSThread+XYAdd.m */,
				7871AD801D18C4190031AD41 /* NSTimer+XYAdd.h */,
				7871AD811D18C4190031AD41 /* NSTimer+XYAdd.m */,
			);
			path = Foundation;
			sourceTree = "<group>";
		};
		7871AD821D18C4190031AD41 /* Quartz */ = {
			isa = PBXGroup;
			children = (
				7871AD831D18C4190031AD41 /* CALayer+XYAdd.h */,
				7871AD841D18C4190031AD41 /* CALayer+XYAdd.m */,
				7871AD851D18C4190031AD41 /* YYCGUtilities.h */,
				7871AD861D18C4190031AD41 /* YYCGUtilities.m */,
			);
			path = Quartz;
			sourceTree = "<group>";
		};
		7871AD871D18C4190031AD41 /* UIKit */ = {
			isa = PBXGroup;
			children = (
				7871AD881D18C4190031AD41 /* UIApplication+XYAdd.h */,
				7871AD891D18C4190031AD41 /* UIApplication+XYAdd.m */,
				7871AD8A1D18C4190031AD41 /* UIBarButtonItem+XYAdd.h */,
				7871AD8B1D18C4190031AD41 /* UIBarButtonItem+XYAdd.m */,
				7871AD8C1D18C4190031AD41 /* UIBezierPath+XYAdd.h */,
				7871AD8D1D18C4190031AD41 /* UIBezierPath+XYAdd.m */,
				7871AD8E1D18C4190031AD41 /* UIColor+XYAdd.h */,
				7871AD8F1D18C4190031AD41 /* UIColor+XYAdd.m */,
				7871AD901D18C4190031AD41 /* UIControl+XYAdd.h */,
				7871AD911D18C4190031AD41 /* UIControl+XYAdd.m */,
				7871AD921D18C41A0031AD41 /* UIDevice+XYAdd.h */,
				7871AD931D18C41A0031AD41 /* UIDevice+XYAdd.m */,
				7871AD941D18C41A0031AD41 /* UIFont+XYAdd.h */,
				7871AD951D18C41A0031AD41 /* UIFont+XYAdd.m */,
				7871AD961D18C41A0031AD41 /* UIGestureRecognizer+XYAdd.h */,
				7871AD971D18C41A0031AD41 /* UIGestureRecognizer+XYAdd.m */,
				7871AD981D18C41A0031AD41 /* UIImage+XYAdd.h */,
				7871AD991D18C41A0031AD41 /* UIImage+XYAdd.m */,
				7871AD9A1D18C41A0031AD41 /* UIScreen+XYAdd.h */,
				7871AD9B1D18C41A0031AD41 /* UIScreen+XYAdd.m */,
				7871AD9C1D18C41A0031AD41 /* UIScrollView+XYAdd.h */,
				7871AD9D1D18C41A0031AD41 /* UIScrollView+XYAdd.m */,
				7871AD9E1D18C41A0031AD41 /* UITableView+XYAdd.h */,
				7871AD9F1D18C41A0031AD41 /* UITableView+XYAdd.m */,
				7871ADA01D18C41A0031AD41 /* UITextField+XYAdd.h */,
				7871ADA11D18C41A0031AD41 /* UITextField+XYAdd.m */,
				7871ADA21D18C41A0031AD41 /* UIView+XYAdd.h */,
				7871ADA31D18C41A0031AD41 /* UIView+XYAdd.m */,
			);
			path = UIKit;
			sourceTree = "<group>";
		};
		7871ADA61D18C41A0031AD41 /* XYDispatchQueuePool */ = {
			isa = PBXGroup;
			children = (
				952EEC361D1AD09B00248BE5 /* XYDispatchQueuePool.h */,
				952EEC371D1AD09B00248BE5 /* XYDispatchQueuePool.m */,
			);
			path = XYDispatchQueuePool;
			sourceTree = "<group>";
		};
		7871ADA71D18C41A0031AD41 /* XYKeyboardManager */ = {
			isa = PBXGroup;
			children = (
				952EEC331D197CCB00248BE5 /* XYKeyboardManager.h */,
				952EEC341D197CCB00248BE5 /* XYKeyboardManager.m */,
			);
			path = XYKeyboardManager;
			sourceTree = "<group>";
		};
		7871ADC51D18C5A00031AD41 /* SomeDemo */ = {
			isa = PBXGroup;
			children = (
				7871ADD81D18C6040031AD41 /* YYCategories */,
				7871ADCE1D18C5EE0031AD41 /* YYAsyncLayer */,
				7871ADCA1D18C5E20031AD41 /* YYDispatchQueuePool */,
				7871ADC61D18C5CA0031AD41 /* YYKeyboardManager */,
			);
			name = SomeDemo;
			path = XYKit;
			sourceTree = "<group>";
		};
		7871ADC61D18C5CA0031AD41 /* YYKeyboardManager */ = {
			isa = PBXGroup;
			children = (
				7871ADC71D18C5CA0031AD41 /* YYKeyboardManager.h */,
				7871ADC81D18C5CA0031AD41 /* YYKeyboardManager.m */,
			);
			path = YYKeyboardManager;
			sourceTree = "<group>";
		};
		7871ADCA1D18C5E20031AD41 /* YYDispatchQueuePool */ = {
			isa = PBXGroup;
			children = (
				7871ADCB1D18C5E20031AD41 /* YYDispatchQueuePool.h */,
				7871ADCC1D18C5E20031AD41 /* YYDispatchQueuePool.m */,
			);
			path = YYDispatchQueuePool;
			sourceTree = "<group>";
		};
		7871ADCE1D18C5EE0031AD41 /* YYAsyncLayer */ = {
			isa = PBXGroup;
			children = (
				7871ADCF1D18C5EE0031AD41 /* YYAsyncLayer.h */,
				7871ADD01D18C5EE0031AD41 /* YYAsyncLayer.m */,
				7871ADD11D18C5EE0031AD41 /* YYSentinel.h */,
				7871ADD21D18C5EE0031AD41 /* YYSentinel.m */,
				7871ADD31D18C5EE0031AD41 /* YYTransaction.h */,
				7871ADD41D18C5EE0031AD41 /* YYTransaction.m */,
			);
			path = YYAsyncLayer;
			sourceTree = "<group>";
		};
		7871ADD81D18C6040031AD41 /* YYCategories */ = {
			isa = PBXGroup;
			children = (
				7871ADD91D18C6040031AD41 /* Foundation */,
				7871ADF61D18C6040031AD41 /* Quartz */,
				7871ADFB1D18C6040031AD41 /* UIKit */,
				7871AE181D18C6040031AD41 /* YYCategories.h */,
				7871AE191D18C6040031AD41 /* YYCategoriesMacro.h */,
			);
			path = YYCategories;
			sourceTree = "<group>";
		};
		7871ADD91D18C6040031AD41 /* Foundation */ = {
			isa = PBXGroup;
			children = (
				7871ADDA1D18C6040031AD41 /* NSArray+YYAdd.h */,
				7871ADDB1D18C6040031AD41 /* NSArray+YYAdd.m */,
				7871ADDC1D18C6040031AD41 /* NSBundle+YYAdd.h */,
				7871ADDD1D18C6040031AD41 /* NSBundle+YYAdd.m */,
				7871ADDE1D18C6040031AD41 /* NSData+YYAdd.h */,
				7871ADDF1D18C6040031AD41 /* NSData+YYAdd.m */,
				7871ADE01D18C6040031AD41 /* NSDate+YYAdd.h */,
				7871ADE11D18C6040031AD41 /* NSDate+YYAdd.m */,
				7871ADE21D18C6040031AD41 /* NSDictionary+YYAdd.h */,
				7871ADE31D18C6040031AD41 /* NSDictionary+YYAdd.m */,
				7871ADE41D18C6040031AD41 /* NSKeyedUnarchiver+YYAdd.h */,
				7871ADE51D18C6040031AD41 /* NSKeyedUnarchiver+YYAdd.m */,
				7871ADE61D18C6040031AD41 /* NSNotificationCenter+YYAdd.h */,
				7871ADE71D18C6040031AD41 /* NSNotificationCenter+YYAdd.m */,
				7871ADE81D18C6040031AD41 /* NSNumber+YYAdd.h */,
				7871ADE91D18C6040031AD41 /* NSNumber+YYAdd.m */,
				7871ADEA1D18C6040031AD41 /* NSObject+YYAdd.h */,
				7871ADEB1D18C6040031AD41 /* NSObject+YYAdd.m */,
				7871ADEC1D18C6040031AD41 /* NSObject+YYAddForARC.h */,
				7871ADED1D18C6040031AD41 /* NSObject+YYAddForARC.m */,
				7871ADEE1D18C6040031AD41 /* NSObject+YYAddForKVO.h */,
				7871ADEF1D18C6040031AD41 /* NSObject+YYAddForKVO.m */,
				7871ADF01D18C6040031AD41 /* NSString+YYAdd.h */,
				7871ADF11D18C6040031AD41 /* NSString+YYAdd.m */,
				7871ADF21D18C6040031AD41 /* NSThread+YYAdd.h */,
				7871ADF31D18C6040031AD41 /* NSThread+YYAdd.m */,
				7871ADF41D18C6040031AD41 /* NSTimer+YYAdd.h */,
				7871ADF51D18C6040031AD41 /* NSTimer+YYAdd.m */,
			);
			path = Foundation;
			sourceTree = "<group>";
		};
		7871ADF61D18C6040031AD41 /* Quartz */ = {
			isa = PBXGroup;
			children = (
				7871ADF71D18C6040031AD41 /* CALayer+YYAdd.h */,
				7871ADF81D18C6040031AD41 /* CALayer+YYAdd.m */,
				7871ADF91D18C6040031AD41 /* YYCGUtilities.h */,
				7871ADFA1D18C6040031AD41 /* YYCGUtilities.m */,
			);
			path = Quartz;
			sourceTree = "<group>";
		};
		7871ADFB1D18C6040031AD41 /* UIKit */ = {
			isa = PBXGroup;
			children = (
				7871ADFC1D18C6040031AD41 /* UIApplication+YYAdd.h */,
				7871ADFD1D18C6040031AD41 /* UIApplication+YYAdd.m */,
				7871ADFE1D18C6040031AD41 /* UIBarButtonItem+YYAdd.h */,
				7871ADFF1D18C6040031AD41 /* UIBarButtonItem+YYAdd.m */,
				7871AE001D18C6040031AD41 /* UIBezierPath+YYAdd.h */,
				7871AE011D18C6040031AD41 /* UIBezierPath+YYAdd.m */,
				7871AE021D18C6040031AD41 /* UIColor+YYAdd.h */,
				7871AE031D18C6040031AD41 /* UIColor+YYAdd.m */,
				7871AE041D18C6040031AD41 /* UIControl+YYAdd.h */,
				7871AE051D18C6040031AD41 /* UIControl+YYAdd.m */,
				7871AE061D18C6040031AD41 /* UIDevice+YYAdd.h */,
				7871AE071D18C6040031AD41 /* UIDevice+YYAdd.m */,
				7871AE081D18C6040031AD41 /* UIFont+YYAdd.h */,
				7871AE091D18C6040031AD41 /* UIFont+YYAdd.m */,
				7871AE0A1D18C6040031AD41 /* UIGestureRecognizer+YYAdd.h */,
				7871AE0B1D18C6040031AD41 /* UIGestureRecognizer+YYAdd.m */,
				7871AE0C1D18C6040031AD41 /* UIImage+YYAdd.h */,
				7871AE0D1D18C6040031AD41 /* UIImage+YYAdd.m */,
				7871AE0E1D18C6040031AD41 /* UIScreen+YYAdd.h */,
				7871AE0F1D18C6040031AD41 /* UIScreen+YYAdd.m */,
				7871AE101D18C6040031AD41 /* UIScrollView+YYAdd.h */,
				7871AE111D18C6040031AD41 /* UIScrollView+YYAdd.m */,
				7871AE121D18C6040031AD41 /* UITableView+YYAdd.h */,
				7871AE131D18C6040031AD41 /* UITableView+YYAdd.m */,
				7871AE141D18C6040031AD41 /* UITextField+YYAdd.h */,
				7871AE151D18C6040031AD41 /* UITextField+YYAdd.m */,
				7871AE161D18C6040031AD41 /* UIView+YYAdd.h */,
				7871AE171D18C6040031AD41 /* UIView+YYAdd.m */,
			);
			path = UIKit;
			sourceTree = "<group>";
		};
		7871AE381D18C61D0031AD41 /* ThirdParty */ = {
			isa = PBXGroup;
			children = (
				7871AE621D18CA360031AD41 /* SDWebImage */,
				7871AE4E1D18C9D70031AD41 /* AFNetworking */,
				7871AE4D1D18C85E0031AD41 /* MBProgressHUD */,
			);
			name = ThirdParty;
			sourceTree = "<group>";
		};
		7871AE391D18C7100031AD41 /* Framework */ = {
			isa = PBXGroup;
			children = (
				7871AE481D18C79E0031AD41 /* libz.tbd */,
				7871AE461D18C7910031AD41 /* CoreFoundation.framework */,
				7871AE441D18C7890031AD41 /* CoreText.framework */,
				7871AE421D18C7810031AD41 /* ImageIO.framework */,
				7871AE401D18C7790031AD41 /* Accelerate.framework */,
				7871AE3E1D18C7710031AD41 /* QuartzCore.framework */,
				7871AE3C1D18C76A0031AD41 /* CoreGraphics.framework */,
				7871AE3A1D18C75F0031AD41 /* UIKit.framework */,
			);
			name = Framework;
			sourceTree = "<group>";
		};
		7871AE4D1D18C85E0031AD41 /* MBProgressHUD */ = {
			isa = PBXGroup;
			children = (
				7871AE4A1D18C8420031AD41 /* MBProgressHUD.h */,
				7871AE4B1D18C8420031AD41 /* MBProgressHUD.m */,
			);
			name = MBProgressHUD;
			sourceTree = "<group>";
		};
		7871AE4E1D18C9D70031AD41 /* AFNetworking */ = {
			isa = PBXGroup;
			children = (
				7871AE4F1D18C9D70031AD41 /* AFHTTPSessionManager.h */,
				7871AE501D18C9D70031AD41 /* AFHTTPSessionManager.m */,
				7871AE511D18C9D70031AD41 /* AFNetworking.h */,
				7871AE521D18C9D70031AD41 /* AFNetworkReachabilityManager.h */,
				7871AE531D18C9D70031AD41 /* AFNetworkReachabilityManager.m */,
				7871AE541D18C9D70031AD41 /* AFSecurityPolicy.h */,
				7871AE551D18C9D70031AD41 /* AFSecurityPolicy.m */,
				7871AE561D18C9D70031AD41 /* AFURLRequestSerialization.h */,
				7871AE571D18C9D70031AD41 /* AFURLRequestSerialization.m */,
				7871AE581D18C9D70031AD41 /* AFURLResponseSerialization.h */,
				7871AE591D18C9D70031AD41 /* AFURLResponseSerialization.m */,
				7871AE5A1D18C9D70031AD41 /* AFURLSessionManager.h */,
				7871AE5B1D18C9D70031AD41 /* AFURLSessionManager.m */,
			);
			path = AFNetworking;
			sourceTree = "<group>";
		};
		7871AE621D18CA360031AD41 /* SDWebImage */ = {
			isa = PBXGroup;
			children = (
				7871AE631D18CA360031AD41 /* MKAnnotationView+WebCache.h */,
				7871AE641D18CA360031AD41 /* MKAnnotationView+WebCache.m */,
				7871AE651D18CA360031AD41 /* NSData+ImageContentType.h */,
				7871AE661D18CA360031AD41 /* NSData+ImageContentType.m */,
				7871AE671D18CA360031AD41 /* SDImageCache.h */,
				7871AE681D18CA360031AD41 /* SDImageCache.m */,
				7871AE691D18CA360031AD41 /* SDWebImageCompat.h */,
				7871AE6A1D18CA360031AD41 /* SDWebImageCompat.m */,
				7871AE6B1D18CA360031AD41 /* SDWebImageDecoder.h */,
				7871AE6C1D18CA360031AD41 /* SDWebImageDecoder.m */,
				7871AE6D1D18CA360031AD41 /* SDWebImageDownloader.h */,
				7871AE6E1D18CA360031AD41 /* SDWebImageDownloader.m */,
				7871AE6F1D18CA360031AD41 /* SDWebImageDownloaderOperation.h */,
				7871AE701D18CA360031AD41 /* SDWebImageDownloaderOperation.m */,
				7871AE711D18CA360031AD41 /* SDWebImageManager.h */,
				7871AE721D18CA360031AD41 /* SDWebImageManager.m */,
				7871AE731D18CA360031AD41 /* SDWebImageOperation.h */,
				7871AE741D18CA360031AD41 /* SDWebImagePrefetcher.h */,
				7871AE751D18CA360031AD41 /* SDWebImagePrefetcher.m */,
				7871AE761D18CA360031AD41 /* UIButton+WebCache.h */,
				7871AE771D18CA360031AD41 /* UIButton+WebCache.m */,
				7871AE781D18CA360031AD41 /* UIImage+GIF.h */,
				7871AE791D18CA360031AD41 /* UIImage+GIF.m */,
				7871AE7A1D18CA360031AD41 /* UIImage+MultiFormat.h */,
				7871AE7B1D18CA360031AD41 /* UIImage+MultiFormat.m */,
				7871AE7C1D18CA360031AD41 /* UIImage+WebP.h */,
				7871AE7D1D18CA360031AD41 /* UIImage+WebP.m */,
				7871AE7E1D18CA360031AD41 /* UIImageView+HighlightedWebCache.h */,
				7871AE7F1D18CA360031AD41 /* UIImageView+HighlightedWebCache.m */,
				7871AE801D18CA360031AD41 /* UIImageView+WebCache.h */,
				7871AE811D18CA360031AD41 /* UIImageView+WebCache.m */,
				7871AE821D18CA360031AD41 /* UIView+WebCacheOperation.h */,
				7871AE831D18CA360031AD41 /* UIView+WebCacheOperation.m */,
			);
			path = SDWebImage;
			sourceTree = "<group>";
		};
/* End PBXGroup section */

/* Begin PBXNativeTarget section */
		7871AD491D18C40D0031AD41 /* XYZZZZ */ = {
			isa = PBXNativeTarget;
			buildConfigurationList = 7871AD611D18C40D0031AD41 /* Build configuration list for PBXNativeTarget "XYZZZZ" */;
			buildPhases = (
				7871AD461D18C40D0031AD41 /* Sources */,
				7871AD471D18C40D0031AD41 /* Frameworks */,
				7871AD481D18C40D0031AD41 /* Resources */,
			);
			buildRules = (
			);
			dependencies = (
			);
			name = XYZZZZ;
			productName = XYZZZZ;
			productReference = 7871AD4A1D18C40D0031AD41 /* XYZZZZ.app */;
			productType = "com.apple.product-type.application";
		};
/* End PBXNativeTarget section */

/* Begin PBXProject section */
		7871AD421D18C40D0031AD41 /* Project object */ = {
			isa = PBXProject;
			attributes = {
				LastUpgradeCheck = 0720;
				ORGANIZATIONNAME = Yupeng;
				TargetAttributes = {
					7871AD491D18C40D0031AD41 = {
						CreatedOnToolsVersion = 7.2.1;
					};
				};
			};
			buildConfigurationList = 7871AD451D18C40D0031AD41 /* Build configuration list for PBXProject "XYZZZZ" */;
			compatibilityVersion = "Xcode 3.2";
			developmentRegion = English;
			hasScannedForEncodings = 0;
			knownRegions = (
				en,
				Base,
			);
			mainGroup = 7871AD411D18C40D0031AD41;
			productRefGroup = 7871AD4B1D18C40D0031AD41 /* Products */;
			projectDirPath = "";
			projectRoot = "";
			targets = (
				7871AD491D18C40D0031AD41 /* XYZZZZ */,
			);
		};
/* End PBXProject section */

/* Begin PBXResourcesBuildPhase section */
		7871AD481D18C40D0031AD41 /* Resources */ = {
			isa = PBXResourcesBuildPhase;
			buildActionMask = 2147483647;
			files = (
				7871AD5D1D18C40D0031AD41 /* LaunchScreen.storyboard in Resources */,
				7871AD5A1D18C40D0031AD41 /* Assets.xcassets in Resources */,
				7871AD581D18C40D0031AD41 /* Main.storyboard in Resources */,
			);
			runOnlyForDeploymentPostprocessing = 0;
		};
/* End PBXResourcesBuildPhase section */

/* Begin PBXSourcesBuildPhase section */
		7871AD461D18C40D0031AD41 /* Sources */ = {
			isa = PBXSourcesBuildPhase;
			buildActionMask = 2147483647;
			files = (
				7871ADA91D18C41A0031AD41 /* NSBundle+XYAdd.m in Sources */,
				7871AE5E1D18C9D70031AD41 /* AFSecurityPolicy.m in Sources */,
				7871AE2F1D18C6040031AD41 /* UIDevice+YYAdd.m in Sources */,
				7871AE8B1D18CA360031AD41 /* SDWebImageManager.m in Sources */,
				7871AE921D18CA360031AD41 /* UIImageView+WebCache.m in Sources */,
				7871AE271D18C6040031AD41 /* NSTimer+YYAdd.m in Sources */,
				7871ADB41D18C41A0031AD41 /* NSTimer+XYAdd.m in Sources */,
				7871AE201D18C6040031AD41 /* NSNotificationCenter+YYAdd.m in Sources */,
				7871ADC01D18C41A0031AD41 /* UIScreen+XYAdd.m in Sources */,
				7871AE2E1D18C6040031AD41 /* UIControl+YYAdd.m in Sources */,
				7871AE4C1D18C8420031AD41 /* MBProgressHUD.m in Sources */,
				7871ADD51D18C5EE0031AD41 /* YYAsyncLayer.m in Sources */,
				7871ADB51D18C41A0031AD41 /* CALayer+XYAdd.m in Sources */,
				7871ADB11D18C41A0031AD41 /* NSObject+XYAddForKVO.m in Sources */,
				7871ADB21D18C41A0031AD41 /* NSString+XYAdd.m in Sources */,
				7871ADD61D18C5EE0031AD41 /* YYSentinel.m in Sources */,
				7871AE221D18C6040031AD41 /* NSObject+YYAdd.m in Sources */,
				7871AE8A1D18CA360031AD41 /* SDWebImageDownloaderOperation.m in Sources */,
				7871AE361D18C6040031AD41 /* UITextField+YYAdd.m in Sources */,
				952EEC351D197CCB00248BE5 /* XYKeyboardManager.m in Sources */,
				952EEC381D1AD09B00248BE5 /* XYDispatchQueuePool.m in Sources */,
				7871ADAD1D18C41A0031AD41 /* NSKeyedUnarchiver+XYAdd.m in Sources */,
				7871AE8C1D18CA360031AD41 /* SDWebImagePrefetcher.m in Sources */,
				7871ADC41D18C41A0031AD41 /* UIView+XYAdd.m in Sources */,
				7871AE1C1D18C6040031AD41 /* NSData+YYAdd.m in Sources */,
				7871AE251D18C6040031AD41 /* NSString+YYAdd.m in Sources */,
				7871ADC91D18C5CA0031AD41 /* YYKeyboardManager.m in Sources */,
				7871ADB61D18C41A0031AD41 /* YYCGUtilities.m in Sources */,
				7871AE2B1D18C6040031AD41 /* UIBarButtonItem+YYAdd.m in Sources */,
				7871AE841D18CA360031AD41 /* MKAnnotationView+WebCache.m in Sources */,
				7871AE891D18CA360031AD41 /* SDWebImageDownloader.m in Sources */,
				7871AE371D18C6040031AD41 /* UIView+YYAdd.m in Sources */,
				7871ADBB1D18C41A0031AD41 /* UIControl+XYAdd.m in Sources */,
				7871ADCD1D18C5E20031AD41 /* YYDispatchQueuePool.m in Sources */,
				7871ADBF1D18C41A0031AD41 /* UIImage+XYAdd.m in Sources */,
				7871AD551D18C40D0031AD41 /* ViewController.m in Sources */,
				7871AE8E1D18CA360031AD41 /* UIImage+GIF.m in Sources */,
				7871AE901D18CA360031AD41 /* UIImage+WebP.m in Sources */,
				7871ADC11D18C41A0031AD41 /* UIScrollView+XYAdd.m in Sources */,
				7871ADB31D18C41A0031AD41 /* NSThread+XYAdd.m in Sources */,
				7871ADBE1D18C41A0031AD41 /* UIGestureRecognizer+XYAdd.m in Sources */,
				7871AE2C1D18C6040031AD41 /* UIBezierPath+YYAdd.m in Sources */,
				7871ADB91D18C41A0031AD41 /* UIBezierPath+XYAdd.m in Sources */,
				7871AE211D18C6040031AD41 /* NSNumber+YYAdd.m in Sources */,
				7871ADB71D18C41A0031AD41 /* UIApplication+XYAdd.m in Sources */,
				7871ADAF1D18C41A0031AD41 /* NSNumber+XYAdd.m in Sources */,
				7871AE311D18C6040031AD41 /* UIGestureRecognizer+YYAdd.m in Sources */,
				7871AE601D18C9D70031AD41 /* AFURLResponseSerialization.m in Sources */,
				7871AE5C1D18C9D70031AD41 /* AFHTTPSessionManager.m in Sources */,
				7871ADB01D18C41A0031AD41 /* NSObject+XYAdd.m in Sources */,
				7871AE291D18C6040031AD41 /* YYCGUtilities.m in Sources */,
				7871ADBC1D18C41A0031AD41 /* UIDevice+XYAdd.m in Sources */,
				7871AE871D18CA360031AD41 /* SDWebImageCompat.m in Sources */,
				7871AE911D18CA360031AD41 /* UIImageView+HighlightedWebCache.m in Sources */,
				7871AE931D18CA360031AD41 /* UIView+WebCacheOperation.m in Sources */,
				7871AD521D18C40D0031AD41 /* AppDelegate.m in Sources */,
				7871AE8F1D18CA360031AD41 /* UIImage+MultiFormat.m in Sources */,
				7871AE8D1D18CA360031AD41 /* UIButton+WebCache.m in Sources */,
				7871ADBA1D18C41A0031AD41 /* UIColor+XYAdd.m in Sources */,
				7871AE2D1D18C6040031AD41 /* UIColor+YYAdd.m in Sources */,
				7871AE611D18C9D70031AD41 /* AFURLSessionManager.m in Sources */,
				7871AE1F1D18C6040031AD41 /* NSKeyedUnarchiver+YYAdd.m in Sources */,
				7871AE281D18C6040031AD41 /* CALayer+YYAdd.m in Sources */,
				7871ADAC1D18C41A0031AD41 /* NSDictionary+XYAdd.m in Sources */,
				7871ADC21D18C41A0031AD41 /* UITableView+XYAdd.m in Sources */,
				7871AE321D18C6040031AD41 /* UIImage+YYAdd.m in Sources */,
				7871AE1A1D18C6040031AD41 /* NSArray+YYAdd.m in Sources */,
				7871AE1B1D18C6040031AD41 /* NSBundle+YYAdd.m in Sources */,
				7871ADBD1D18C41A0031AD41 /* UIFont+XYAdd.m in Sources */,
				7871AE1D1D18C6040031AD41 /* NSDate+YYAdd.m in Sources */,
				7871AE5D1D18C9D70031AD41 /* AFNetworkReachabilityManager.m in Sources */,
				7871AD4F1D18C40D0031AD41 /* main.m in Sources */,
				7871AE241D18C6040031AD41 /* NSObject+YYAddForKVO.m in Sources */,
				7871AE301D18C6040031AD41 /* UIFont+YYAdd.m in Sources */,
				7871AE261D18C6040031AD41 /* NSThread+YYAdd.m in Sources */,
				7871ADA81D18C41A0031AD41 /* NSArray+XYAdd.m in Sources */,
				7871AE861D18CA360031AD41 /* SDImageCache.m in Sources */,
				7871ADAE1D18C41A0031AD41 /* NSNotificationCenter+XYAdd.m in Sources */,
				7871AE2A1D18C6040031AD41 /* UIApplication+YYAdd.m in Sources */,
				7871AE331D18C6040031AD41 /* UIScreen+YYAdd.m in Sources */,
				7871ADD71D18C5EE0031AD41 /* YYTransaction.m in Sources */,
				7871AE5F1D18C9D70031AD41 /* AFURLRequestSerialization.m in Sources */,
				7871ADB81D18C41A0031AD41 /* UIBarButtonItem+XYAdd.m in Sources */,
				7871ADAA1D18C41A0031AD41 /* NSData+XYAdd.m in Sources */,
				7871AE231D18C6040031AD41 /* NSObject+YYAddForARC.m in Sources */,
				7871AE851D18CA360031AD41 /* NSData+ImageContentType.m in Sources */,
				7871AE351D18C6040031AD41 /* UITableView+YYAdd.m in Sources */,
				7871ADC31D18C41A0031AD41 /* UITextField+XYAdd.m in Sources */,
				7871AE341D18C6040031AD41 /* UIScrollView+YYAdd.m in Sources */,
				7871AE881D18CA360031AD41 /* SDWebImageDecoder.m in Sources */,
				7871AE1E1D18C6040031AD41 /* NSDictionary+YYAdd.m in Sources */,
				7871ADAB1D18C41A0031AD41 /* NSDate+XYAdd.m in Sources */,
			);
			runOnlyForDeploymentPostprocessing = 0;
		};
/* End PBXSourcesBuildPhase section */

/* Begin PBXVariantGroup section */
		7871AD561D18C40D0031AD41 /* Main.storyboard */ = {
			isa = PBXVariantGroup;
			children = (
				7871AD571D18C40D0031AD41 /* Base */,
			);
			name = Main.storyboard;
			sourceTree = "<group>";
		};
		7871AD5B1D18C40D0031AD41 /* LaunchScreen.storyboard */ = {
			isa = PBXVariantGroup;
			children = (
				7871AD5C1D18C40D0031AD41 /* Base */,
			);
			name = LaunchScreen.storyboard;
			sourceTree = "<group>";
		};
/* End PBXVariantGroup section */

/* Begin XCBuildConfiguration section */
		7871AD5F1D18C40D0031AD41 /* Debug */ = {
			isa = XCBuildConfiguration;
			buildSettings = {
				ALWAYS_SEARCH_USER_PATHS = NO;
				CLANG_CXX_LANGUAGE_STANDARD = "gnu++0x";
				CLANG_CXX_LIBRARY = "libc++";
				CLANG_ENABLE_MODULES = YES;
				CLANG_ENABLE_OBJC_ARC = YES;
				CLANG_WARN_BOOL_CONVERSION = YES;
				CLANG_WARN_CONSTANT_CONVERSION = YES;
				CLANG_WARN_DIRECT_OBJC_ISA_USAGE = YES_ERROR;
				CLANG_WARN_EMPTY_BODY = YES;
				CLANG_WARN_ENUM_CONVERSION = YES;
				CLANG_WARN_INT_CONVERSION = YES;
				CLANG_WARN_OBJC_ROOT_CLASS = YES_ERROR;
				CLANG_WARN_UNREACHABLE_CODE = YES;
				CLANG_WARN__DUPLICATE_METHOD_MATCH = YES;
				"CODE_SIGN_IDENTITY[sdk=iphoneos*]" = "iPhone Developer";
				COPY_PHASE_STRIP = NO;
				DEBUG_INFORMATION_FORMAT = dwarf;
				ENABLE_STRICT_OBJC_MSGSEND = YES;
				ENABLE_TESTABILITY = YES;
				GCC_C_LANGUAGE_STANDARD = gnu99;
				GCC_DYNAMIC_NO_PIC = NO;
				GCC_NO_COMMON_BLOCKS = YES;
				GCC_OPTIMIZATION_LEVEL = 0;
				GCC_PREPROCESSOR_DEFINITIONS = (
					"DEBUG=1",
					"$(inherited)",
				);
				GCC_WARN_64_TO_32_BIT_CONVERSION = YES;
				GCC_WARN_ABOUT_RETURN_TYPE = YES_ERROR;
				GCC_WARN_UNDECLARED_SELECTOR = YES;
				GCC_WARN_UNINITIALIZED_AUTOS = YES_AGGRESSIVE;
				GCC_WARN_UNUSED_FUNCTION = YES;
				GCC_WARN_UNUSED_VARIABLE = YES;
				IPHONEOS_DEPLOYMENT_TARGET = 9.2;
				MTL_ENABLE_DEBUG_INFO = YES;
				ONLY_ACTIVE_ARCH = YES;
				SDKROOT = iphoneos;
			};
			name = Debug;
		};
		7871AD601D18C40D0031AD41 /* Release */ = {
			isa = XCBuildConfiguration;
			buildSettings = {
				ALWAYS_SEARCH_USER_PATHS = NO;
				CLANG_CXX_LANGUAGE_STANDARD = "gnu++0x";
				CLANG_CXX_LIBRARY = "libc++";
				CLANG_ENABLE_MODULES = YES;
				CLANG_ENABLE_OBJC_ARC = YES;
				CLANG_WARN_BOOL_CONVERSION = YES;
				CLANG_WARN_CONSTANT_CONVERSION = YES;
				CLANG_WARN_DIRECT_OBJC_ISA_USAGE = YES_ERROR;
				CLANG_WARN_EMPTY_BODY = YES;
				CLANG_WARN_ENUM_CONVERSION = YES;
				CLANG_WARN_INT_CONVERSION = YES;
				CLANG_WARN_OBJC_ROOT_CLASS = YES_ERROR;
				CLANG_WARN_UNREACHABLE_CODE = YES;
				CLANG_WARN__DUPLICATE_METHOD_MATCH = YES;
				"CODE_SIGN_IDENTITY[sdk=iphoneos*]" = "iPhone Developer";
				COPY_PHASE_STRIP = NO;
				DEBUG_INFORMATION_FORMAT = "dwarf-with-dsym";
				ENABLE_NS_ASSERTIONS = NO;
				ENABLE_STRICT_OBJC_MSGSEND = YES;
				GCC_C_LANGUAGE_STANDARD = gnu99;
				GCC_NO_COMMON_BLOCKS = YES;
				GCC_WARN_64_TO_32_BIT_CONVERSION = YES;
				GCC_WARN_ABOUT_RETURN_TYPE = YES_ERROR;
				GCC_WARN_UNDECLARED_SELECTOR = YES;
				GCC_WARN_UNINITIALIZED_AUTOS = YES_AGGRESSIVE;
				GCC_WARN_UNUSED_FUNCTION = YES;
				GCC_WARN_UNUSED_VARIABLE = YES;
				IPHONEOS_DEPLOYMENT_TARGET = 9.2;
				MTL_ENABLE_DEBUG_INFO = NO;
				SDKROOT = iphoneos;
				VALIDATE_PRODUCT = YES;
			};
			name = Release;
		};
		7871AD621D18C40D0031AD41 /* Debug */ = {
			isa = XCBuildConfiguration;
			buildSettings = {
				ASSETCATALOG_COMPILER_APPICON_NAME = AppIcon;
				INFOPLIST_FILE = XYZZZZ/Info.plist;
				IPHONEOS_DEPLOYMENT_TARGET = 8.0;
				LD_RUNPATH_SEARCH_PATHS = "$(inherited) @executable_path/Frameworks";
				PRODUCT_BUNDLE_IDENTIFIER = Camelsh.XYZZZZ;
				PRODUCT_NAME = "$(TARGET_NAME)";
			};
			name = Debug;
		};
		7871AD631D18C40D0031AD41 /* Release */ = {
			isa = XCBuildConfiguration;
			buildSettings = {
				ASSETCATALOG_COMPILER_APPICON_NAME = AppIcon;
				INFOPLIST_FILE = XYZZZZ/Info.plist;
				IPHONEOS_DEPLOYMENT_TARGET = 8.0;
				LD_RUNPATH_SEARCH_PATHS = "$(inherited) @executable_path/Frameworks";
				PRODUCT_BUNDLE_IDENTIFIER = Camelsh.XYZZZZ;
				PRODUCT_NAME = "$(TARGET_NAME)";
			};
			name = Release;
		};
/* End XCBuildConfiguration section */

/* Begin XCConfigurationList section */
		7871AD451D18C40D0031AD41 /* Build configuration list for PBXProject "XYZZZZ" */ = {
			isa = XCConfigurationList;
			buildConfigurations = (
				7871AD5F1D18C40D0031AD41 /* Debug */,
				7871AD601D18C40D0031AD41 /* Release */,
			);
			defaultConfigurationIsVisible = 0;
			defaultConfigurationName = Release;
		};
		7871AD611D18C40D0031AD41 /* Build configuration list for PBXNativeTarget "XYZZZZ" */ = {
			isa = XCConfigurationList;
			buildConfigurations = (
				7871AD621D18C40D0031AD41 /* Debug */,
				7871AD631D18C40D0031AD41 /* Release */,
			);
			defaultConfigurationIsVisible = 0;
			defaultConfigurationName = Release;
		};
/* End XCConfigurationList section */
	};
	rootObject = 7871AD421D18C40D0031AD41 /* Project object */;
}
